// !$*UTF8*$!
{
	archiveVersion = 1;
	classes = {
	};
	objectVersion = 46;
	objects = {

/* Begin PBXBuildFile section */
		0E26A1C2156CDD2800288008 /* Person.m in Sources */ = {isa = PBXBuildFile; fileRef = 0E26A1C1156CDD2800288008 /* Person.m */; };
		0E26A1CA156CDE9300288008 /* MasterViewController.m in Sources */ = {isa = PBXBuildFile; fileRef = 0E26A1C9156CDE9300288008 /* MasterViewController.m */; };
		0E26A1D9156CE58900288008 /* DetailViewController.m in Sources */ = {isa = PBXBuildFile; fileRef = 0E26A1D7156CE58900288008 /* DetailViewController.m */; };
		0E26A1DA156CE58900288008 /* DetailViewController.xib in Resources */ = {isa = PBXBuildFile; fileRef = 0E26A1D8156CE58900288008 /* DetailViewController.xib */; };
		0E9953B2156CBBE200BC2A44 /* UIKit.framework in Frameworks */ = {isa = PBXBuildFile; fileRef = 0E9953B1156CBBE200BC2A44 /* UIKit.framework */; };
		0E9953B4156CBBE200BC2A44 /* Foundation.framework in Frameworks */ = {isa = PBXBuildFile; fileRef = 0E9953B3156CBBE200BC2A44 /* Foundation.framework */; };
		0E9953B6156CBBE200BC2A44 /* CoreGraphics.framework in Frameworks */ = {isa = PBXBuildFile; fileRef = 0E9953B5156CBBE200BC2A44 /* CoreGraphics.framework */; };
		0E9953B8156CBBE200BC2A44 /* CoreData.framework in Frameworks */ = {isa = PBXBuildFile; fileRef = 0E9953B7156CBBE200BC2A44 /* CoreData.framework */; };
		0E9953BE156CBBE200BC2A44 /* InfoPlist.strings in Resources */ = {isa = PBXBuildFile; fileRef = 0E9953BC156CBBE200BC2A44 /* InfoPlist.strings */; };
		0E9953C0156CBBE200BC2A44 /* main.m in Sources */ = {isa = PBXBuildFile; fileRef = 0E9953BF156CBBE200BC2A44 /* main.m */; };
		0E9953C4156CBBE200BC2A44 /* AppDelegate.m in Sources */ = {isa = PBXBuildFile; fileRef = 0E9953C3156CBBE200BC2A44 /* AppDelegate.m */; };
		0E9953C7156CBBE200BC2A44 /* TestMagicalRecord.xcdatamodeld in Sources */ = {isa = PBXBuildFile; fileRef = 0E9953C5156CBBE200BC2A44 /* TestMagicalRecord.xcdatamodeld */; };
		0E995412156CBF3900BC2A44 /* MagicalImportFunctions.m in Sources */ = {isa = PBXBuildFile; fileRef = 0E9953DA156CBF3900BC2A44 /* MagicalImportFunctions.m */; };
		0E995413156CBF3900BC2A44 /* NSAttributeDescription+MagicalDataImport.m in Sources */ = {isa = PBXBuildFile; fileRef = 0E9953DC156CBF3900BC2A44 /* NSAttributeDescription+MagicalDataImport.m */; };
		0E995414156CBF3900BC2A44 /* NSEntityDescription+MagicalDataImport.m in Sources */ = {isa = PBXBuildFile; fileRef = 0E9953DE156CBF3900BC2A44 /* NSEntityDescription+MagicalDataImport.m */; };
		0E995415156CBF3900BC2A44 /* NSNumber+MagicalDataImport.m in Sources */ = {isa = PBXBuildFile; fileRef = 0E9953E0156CBF3900BC2A44 /* NSNumber+MagicalDataImport.m */; };
		0E995416156CBF3900BC2A44 /* NSObject+MagicalDataImport.m in Sources */ = {isa = PBXBuildFile; fileRef = 0E9953E2156CBF3900BC2A44 /* NSObject+MagicalDataImport.m */; };
		0E995417156CBF3900BC2A44 /* NSRelationshipDescription+MagicalDataImport.m in Sources */ = {isa = PBXBuildFile; fileRef = 0E9953E4156CBF3900BC2A44 /* NSRelationshipDescription+MagicalDataImport.m */; };
		0E995418156CBF3900BC2A44 /* NSString+MagicalDataImport.m in Sources */ = {isa = PBXBuildFile; fileRef = 0E9953E6156CBF3900BC2A44 /* NSString+MagicalDataImport.m */; };
		0E995419156CBF3900BC2A44 /* NSManagedObject+MagicalAggregation.m in Sources */ = {isa = PBXBuildFile; fileRef = 0E9953E9156CBF3900BC2A44 /* NSManagedObject+MagicalAggregation.m */; };
		0E99541A156CBF3900BC2A44 /* NSManagedObject+MagicalDataImport.m in Sources */ = {isa = PBXBuildFile; fileRef = 0E9953EB156CBF3900BC2A44 /* NSManagedObject+MagicalDataImport.m */; };
		0E99541B156CBF3900BC2A44 /* NSManagedObject+MagicalFinders.m in Sources */ = {isa = PBXBuildFile; fileRef = 0E9953ED156CBF3900BC2A44 /* NSManagedObject+MagicalFinders.m */; };
		0E99541C156CBF3900BC2A44 /* NSManagedObject+MagicalRecord.m in Sources */ = {isa = PBXBuildFile; fileRef = 0E9953EF156CBF3900BC2A44 /* NSManagedObject+MagicalRecord.m */; };
		0E99541D156CBF3900BC2A44 /* NSManagedObject+MagicalRequests.m in Sources */ = {isa = PBXBuildFile; fileRef = 0E9953F1156CBF3900BC2A44 /* NSManagedObject+MagicalRequests.m */; };
		0E99541E156CBF3900BC2A44 /* NSManagedObjectContext+MagicalObserving.m in Sources */ = {isa = PBXBuildFile; fileRef = 0E9953F4156CBF3900BC2A44 /* NSManagedObjectContext+MagicalObserving.m */; };
		0E99541F156CBF3900BC2A44 /* NSManagedObjectContext+MagicalRecord.m in Sources */ = {isa = PBXBuildFile; fileRef = 0E9953F6156CBF3900BC2A44 /* NSManagedObjectContext+MagicalRecord.m */; };
		0E995420156CBF3900BC2A44 /* NSManagedObjectContext+MagicalSaves.m in Sources */ = {isa = PBXBuildFile; fileRef = 0E9953F8156CBF3900BC2A44 /* NSManagedObjectContext+MagicalSaves.m */; };
		0E995421156CBF3900BC2A44 /* NSManagedObjectContext+MagicalThreading.m in Sources */ = {isa = PBXBuildFile; fileRef = 0E9953FA156CBF3900BC2A44 /* NSManagedObjectContext+MagicalThreading.m */; };
		0E995422156CBF3900BC2A44 /* NSManagedObjectModel+MagicalRecord.m in Sources */ = {isa = PBXBuildFile; fileRef = 0E9953FC156CBF3900BC2A44 /* NSManagedObjectModel+MagicalRecord.m */; };
		0E995423156CBF3900BC2A44 /* NSPersistentStore+MagicalRecord.m in Sources */ = {isa = PBXBuildFile; fileRef = 0E9953FE156CBF3900BC2A44 /* NSPersistentStore+MagicalRecord.m */; };
		0E995424156CBF3900BC2A44 /* NSPersistentStoreCoordinator+MagicalRecord.m in Sources */ = {isa = PBXBuildFile; fileRef = 0E995400156CBF3900BC2A44 /* NSPersistentStoreCoordinator+MagicalRecord.m */; };
		0E995425156CBF3900BC2A44 /* MagicalRecord+Actions.m in Sources */ = {isa = PBXBuildFile; fileRef = 0E995403156CBF3900BC2A44 /* MagicalRecord+Actions.m */; };
		0E995426156CBF3900BC2A44 /* MagicalRecord+ErrorHandling.m in Sources */ = {isa = PBXBuildFile; fileRef = 0E995405156CBF3900BC2A44 /* MagicalRecord+ErrorHandling.m */; };
		0E995427156CBF3900BC2A44 /* MagicalRecord+iCloud.m in Sources */ = {isa = PBXBuildFile; fileRef = 0E995407156CBF3900BC2A44 /* MagicalRecord+iCloud.m */; };
		0E995428156CBF3900BC2A44 /* MagicalRecord+Options.m in Sources */ = {isa = PBXBuildFile; fileRef = 0E995409156CBF3900BC2A44 /* MagicalRecord+Options.m */; };
		0E995429156CBF3900BC2A44 /* MagicalRecord+Setup.m in Sources */ = {isa = PBXBuildFile; fileRef = 0E99540B156CBF3900BC2A44 /* MagicalRecord+Setup.m */; };
		0E99542A156CBF3900BC2A44 /* MagicalRecord+ShorthandSupport.m in Sources */ = {isa = PBXBuildFile; fileRef = 0E99540D156CBF3900BC2A44 /* MagicalRecord+ShorthandSupport.m */; };
		0E99542B156CBF3900BC2A44 /* MagicalRecord.m in Sources */ = {isa = PBXBuildFile; fileRef = 0E99540F156CBF3900BC2A44 /* MagicalRecord.m */; };
/* End PBXBuildFile section */

/* Begin PBXFileReference section */
		0E26A1C0156CDD2800288008 /* Person.h */ = {isa = PBXFileReference; fileEncoding = 4; lastKnownFileType = sourcecode.c.h; path = Person.h; sourceTree = "<group>"; };
		0E26A1C1156CDD2800288008 /* Person.m */ = {isa = PBXFileReference; fileEncoding = 4; lastKnownFileType = sourcecode.c.objc; path = Person.m; sourceTree = "<group>"; };
		0E26A1C8156CDE9300288008 /* MasterViewController.h */ = {isa = PBXFileReference; fileEncoding = 4; lastKnownFileType = sourcecode.c.h; path = MasterViewController.h; sourceTree = "<group>"; };
		0E26A1C9156CDE9300288008 /* MasterViewController.m */ = {isa = PBXFileReference; fileEncoding = 4; lastKnownFileType = sourcecode.c.objc; path = MasterViewController.m; sourceTree = "<group>"; };
		0E26A1D6156CE58900288008 /* DetailViewController.h */ = {isa = PBXFileReference; fileEncoding = 4; lastKnownFileType = sourcecode.c.h; path = DetailViewController.h; sourceTree = "<group>"; };
		0E26A1D7156CE58900288008 /* DetailViewController.m */ = {isa = PBXFileReference; fileEncoding = 4; lastKnownFileType = sourcecode.c.objc; path = DetailViewController.m; sourceTree = "<group>"; };
		0E26A1D8156CE58900288008 /* DetailViewController.xib */ = {isa = PBXFileReference; fileEncoding = 4; lastKnownFileType = file.xib; path = DetailViewController.xib; sourceTree = "<group>"; };
		0E9953AD156CBBE200BC2A44 /* TestMagicalRecord.app */ = {isa = PBXFileReference; explicitFileType = wrapper.application; includeInIndex = 0; path = TestMagicalRecord.app; sourceTree = BUILT_PRODUCTS_DIR; };
		0E9953B1156CBBE200BC2A44 /* UIKit.framework */ = {isa = PBXFileReference; lastKnownFileType = wrapper.framework; name = UIKit.framework; path = System/Library/Frameworks/UIKit.framework; sourceTree = SDKROOT; };
		0E9953B3156CBBE200BC2A44 /* Foundation.framework */ = {isa = PBXFileReference; lastKnownFileType = wrapper.framework; name = Foundation.framework; path = System/Library/Frameworks/Foundation.framework; sourceTree = SDKROOT; };
		0E9953B5156CBBE200BC2A44 /* CoreGraphics.framework */ = {isa = PBXFileReference; lastKnownFileType = wrapper.framework; name = CoreGraphics.framework; path = System/Library/Frameworks/CoreGraphics.framework; sourceTree = SDKROOT; };
		0E9953B7156CBBE200BC2A44 /* CoreData.framework */ = {isa = PBXFileReference; lastKnownFileType = wrapper.framework; name = CoreData.framework; path = System/Library/Frameworks/CoreData.framework; sourceTree = SDKROOT; };
		0E9953BB156CBBE200BC2A44 /* TestMagicalRecord-Info.plist */ = {isa = PBXFileReference; lastKnownFileType = text.plist.xml; path = "TestMagicalRecord-Info.plist"; sourceTree = "<group>"; };
		0E9953BD156CBBE200BC2A44 /* en */ = {isa = PBXFileReference; lastKnownFileType = text.plist.strings; name = en; path = en.lproj/InfoPlist.strings; sourceTree = "<group>"; };
		0E9953BF156CBBE200BC2A44 /* main.m */ = {isa = PBXFileReference; lastKnownFileType = sourcecode.c.objc; path = main.m; sourceTree = "<group>"; };
		0E9953C1156CBBE200BC2A44 /* TestMagicalRecord-Prefix.pch */ = {isa = PBXFileReference; lastKnownFileType = sourcecode.c.h; path = "TestMagicalRecord-Prefix.pch"; sourceTree = "<group>"; };
		0E9953C2156CBBE200BC2A44 /* AppDelegate.h */ = {isa = PBXFileReference; lastKnownFileType = sourcecode.c.h; path = AppDelegate.h; sourceTree = "<group>"; };
		0E9953C3156CBBE200BC2A44 /* AppDelegate.m */ = {isa = PBXFileReference; lastKnownFileType = sourcecode.c.objc; path = AppDelegate.m; sourceTree = "<group>"; };
		0E9953C6156CBBE200BC2A44 /* TestMagicalRecord.xcdatamodel */ = {isa = PBXFileReference; lastKnownFileType = wrapper.xcdatamodel; path = TestMagicalRecord.xcdatamodel; sourceTree = "<group>"; };
		0E9953D9156CBF3900BC2A44 /* MagicalImportFunctions.h */ = {isa = PBXFileReference; fileEncoding = 4; lastKnownFileType = sourcecode.c.h; path = MagicalImportFunctions.h; sourceTree = "<group>"; };
		0E9953DA156CBF3900BC2A44 /* MagicalImportFunctions.m */ = {isa = PBXFileReference; fileEncoding = 4; lastKnownFileType = sourcecode.c.objc; path = MagicalImportFunctions.m; sourceTree = "<group>"; };
		0E9953DB156CBF3900BC2A44 /* NSAttributeDescription+MagicalDataImport.h */ = {isa = PBXFileReference; fileEncoding = 4; lastKnownFileType = sourcecode.c.h; path = "NSAttributeDescription+MagicalDataImport.h"; sourceTree = "<group>"; };
		0E9953DC156CBF3900BC2A44 /* NSAttributeDescription+MagicalDataImport.m */ = {isa = PBXFileReference; fileEncoding = 4; lastKnownFileType = sourcecode.c.objc; path = "NSAttributeDescription+MagicalDataImport.m"; sourceTree = "<group>"; };
		0E9953DD156CBF3900BC2A44 /* NSEntityDescription+MagicalDataImport.h */ = {isa = PBXFileReference; fileEncoding = 4; lastKnownFileType = sourcecode.c.h; path = "NSEntityDescription+MagicalDataImport.h"; sourceTree = "<group>"; };
		0E9953DE156CBF3900BC2A44 /* NSEntityDescription+MagicalDataImport.m */ = {isa = PBXFileReference; fileEncoding = 4; lastKnownFileType = sourcecode.c.objc; path = "NSEntityDescription+MagicalDataImport.m"; sourceTree = "<group>"; };
		0E9953DF156CBF3900BC2A44 /* NSNumber+MagicalDataImport.h */ = {isa = PBXFileReference; fileEncoding = 4; lastKnownFileType = sourcecode.c.h; path = "NSNumber+MagicalDataImport.h"; sourceTree = "<group>"; };
		0E9953E0156CBF3900BC2A44 /* NSNumber+MagicalDataImport.m */ = {isa = PBXFileReference; fileEncoding = 4; lastKnownFileType = sourcecode.c.objc; path = "NSNumber+MagicalDataImport.m"; sourceTree = "<group>"; };
		0E9953E1156CBF3900BC2A44 /* NSObject+MagicalDataImport.h */ = {isa = PBXFileReference; fileEncoding = 4; lastKnownFileType = sourcecode.c.h; path = "NSObject+MagicalDataImport.h"; sourceTree = "<group>"; };
		0E9953E2156CBF3900BC2A44 /* NSObject+MagicalDataImport.m */ = {isa = PBXFileReference; fileEncoding = 4; lastKnownFileType = sourcecode.c.objc; path = "NSObject+MagicalDataImport.m"; sourceTree = "<group>"; };
		0E9953E3156CBF3900BC2A44 /* NSRelationshipDescription+MagicalDataImport.h */ = {isa = PBXFileReference; fileEncoding = 4; lastKnownFileType = sourcecode.c.h; path = "NSRelationshipDescription+MagicalDataImport.h"; sourceTree = "<group>"; };
		0E9953E4156CBF3900BC2A44 /* NSRelationshipDescription+MagicalDataImport.m */ = {isa = PBXFileReference; fileEncoding = 4; lastKnownFileType = sourcecode.c.objc; path = "NSRelationshipDescription+MagicalDataImport.m"; sourceTree = "<group>"; };
		0E9953E5156CBF3900BC2A44 /* NSString+MagicalDataImport.h */ = {isa = PBXFileReference; fileEncoding = 4; lastKnownFileType = sourcecode.c.h; path = "NSString+MagicalDataImport.h"; sourceTree = "<group>"; };
		0E9953E6156CBF3900BC2A44 /* NSString+MagicalDataImport.m */ = {isa = PBXFileReference; fileEncoding = 4; lastKnownFileType = sourcecode.c.objc; path = "NSString+MagicalDataImport.m"; sourceTree = "<group>"; };
		0E9953E8156CBF3900BC2A44 /* NSManagedObject+MagicalAggregation.h */ = {isa = PBXFileReference; fileEncoding = 4; lastKnownFileType = sourcecode.c.h; path = "NSManagedObject+MagicalAggregation.h"; sourceTree = "<group>"; };
		0E9953E9156CBF3900BC2A44 /* NSManagedObject+MagicalAggregation.m */ = {isa = PBXFileReference; fileEncoding = 4; lastKnownFileType = sourcecode.c.objc; path = "NSManagedObject+MagicalAggregation.m"; sourceTree = "<group>"; };
		0E9953EA156CBF3900BC2A44 /* NSManagedObject+MagicalDataImport.h */ = {isa = PBXFileReference; fileEncoding = 4; lastKnownFileType = sourcecode.c.h; path = "NSManagedObject+MagicalDataImport.h"; sourceTree = "<group>"; };
		0E9953EB156CBF3900BC2A44 /* NSManagedObject+MagicalDataImport.m */ = {isa = PBXFileReference; fileEncoding = 4; lastKnownFileType = sourcecode.c.objc; path = "NSManagedObject+MagicalDataImport.m"; sourceTree = "<group>"; };
		0E9953EC156CBF3900BC2A44 /* NSManagedObject+MagicalFinders.h */ = {isa = PBXFileReference; fileEncoding = 4; lastKnownFileType = sourcecode.c.h; path = "NSManagedObject+MagicalFinders.h"; sourceTree = "<group>"; };
		0E9953ED156CBF3900BC2A44 /* NSManagedObject+MagicalFinders.m */ = {isa = PBXFileReference; fileEncoding = 4; lastKnownFileType = sourcecode.c.objc; path = "NSManagedObject+MagicalFinders.m"; sourceTree = "<group>"; };
		0E9953EE156CBF3900BC2A44 /* NSManagedObject+MagicalRecord.h */ = {isa = PBXFileReference; fileEncoding = 4; lastKnownFileType = sourcecode.c.h; path = "NSManagedObject+MagicalRecord.h"; sourceTree = "<group>"; };
		0E9953EF156CBF3900BC2A44 /* NSManagedObject+MagicalRecord.m */ = {isa = PBXFileReference; fileEncoding = 4; lastKnownFileType = sourcecode.c.objc; path = "NSManagedObject+MagicalRecord.m"; sourceTree = "<group>"; };
		0E9953F0156CBF3900BC2A44 /* NSManagedObject+MagicalRequests.h */ = {isa = PBXFileReference; fileEncoding = 4; lastKnownFileType = sourcecode.c.h; path = "NSManagedObject+MagicalRequests.h"; sourceTree = "<group>"; };
		0E9953F1156CBF3900BC2A44 /* NSManagedObject+MagicalRequests.m */ = {isa = PBXFileReference; fileEncoding = 4; lastKnownFileType = sourcecode.c.objc; path = "NSManagedObject+MagicalRequests.m"; sourceTree = "<group>"; };
		0E9953F3156CBF3900BC2A44 /* NSManagedObjectContext+MagicalObserving.h */ = {isa = PBXFileReference; fileEncoding = 4; lastKnownFileType = sourcecode.c.h; path = "NSManagedObjectContext+MagicalObserving.h"; sourceTree = "<group>"; };
		0E9953F4156CBF3900BC2A44 /* NSManagedObjectContext+MagicalObserving.m */ = {isa = PBXFileReference; fileEncoding = 4; lastKnownFileType = sourcecode.c.objc; path = "NSManagedObjectContext+MagicalObserving.m"; sourceTree = "<group>"; };
		0E9953F5156CBF3900BC2A44 /* NSManagedObjectContext+MagicalRecord.h */ = {isa = PBXFileReference; fileEncoding = 4; lastKnownFileType = sourcecode.c.h; path = "NSManagedObjectContext+MagicalRecord.h"; sourceTree = "<group>"; };
		0E9953F6156CBF3900BC2A44 /* NSManagedObjectContext+MagicalRecord.m */ = {isa = PBXFileReference; fileEncoding = 4; lastKnownFileType = sourcecode.c.objc; path = "NSManagedObjectContext+MagicalRecord.m"; sourceTree = "<group>"; };
		0E9953F7156CBF3900BC2A44 /* NSManagedObjectContext+MagicalSaves.h */ = {isa = PBXFileReference; fileEncoding = 4; lastKnownFileType = sourcecode.c.h; path = "NSManagedObjectContext+MagicalSaves.h"; sourceTree = "<group>"; };
		0E9953F8156CBF3900BC2A44 /* NSManagedObjectContext+MagicalSaves.m */ = {isa = PBXFileReference; fileEncoding = 4; lastKnownFileType = sourcecode.c.objc; path = "NSManagedObjectContext+MagicalSaves.m"; sourceTree = "<group>"; };
		0E9953F9156CBF3900BC2A44 /* NSManagedObjectContext+MagicalThreading.h */ = {isa = PBXFileReference; fileEncoding = 4; lastKnownFileType = sourcecode.c.h; path = "NSManagedObjectContext+MagicalThreading.h"; sourceTree = "<group>"; };
		0E9953FA156CBF3900BC2A44 /* NSManagedObjectContext+MagicalThreading.m */ = {isa = PBXFileReference; fileEncoding = 4; lastKnownFileType = sourcecode.c.objc; path = "NSManagedObjectContext+MagicalThreading.m"; sourceTree = "<group>"; };
		0E9953FB156CBF3900BC2A44 /* NSManagedObjectModel+MagicalRecord.h */ = {isa = PBXFileReference; fileEncoding = 4; lastKnownFileType = sourcecode.c.h; path = "NSManagedObjectModel+MagicalRecord.h"; sourceTree = "<group>"; };
		0E9953FC156CBF3900BC2A44 /* NSManagedObjectModel+MagicalRecord.m */ = {isa = PBXFileReference; fileEncoding = 4; lastKnownFileType = sourcecode.c.objc; path = "NSManagedObjectModel+MagicalRecord.m"; sourceTree = "<group>"; };
		0E9953FD156CBF3900BC2A44 /* NSPersistentStore+MagicalRecord.h */ = {isa = PBXFileReference; fileEncoding = 4; lastKnownFileType = sourcecode.c.h; path = "NSPersistentStore+MagicalRecord.h"; sourceTree = "<group>"; };
		0E9953FE156CBF3900BC2A44 /* NSPersistentStore+MagicalRecord.m */ = {isa = PBXFileReference; fileEncoding = 4; lastKnownFileType = sourcecode.c.objc; path = "NSPersistentStore+MagicalRecord.m"; sourceTree = "<group>"; };
		0E9953FF156CBF3900BC2A44 /* NSPersistentStoreCoordinator+MagicalRecord.h */ = {isa = PBXFileReference; fileEncoding = 4; lastKnownFileType = sourcecode.c.h; path = "NSPersistentStoreCoordinator+MagicalRecord.h"; sourceTree = "<group>"; };
		0E995400156CBF3900BC2A44 /* NSPersistentStoreCoordinator+MagicalRecord.m */ = {isa = PBXFileReference; fileEncoding = 4; lastKnownFileType = sourcecode.c.objc; path = "NSPersistentStoreCoordinator+MagicalRecord.m"; sourceTree = "<group>"; };
		0E995402156CBF3900BC2A44 /* MagicalRecord+Actions.h */ = {isa = PBXFileReference; fileEncoding = 4; lastKnownFileType = sourcecode.c.h; path = "MagicalRecord+Actions.h"; sourceTree = "<group>"; };
		0E995403156CBF3900BC2A44 /* MagicalRecord+Actions.m */ = {isa = PBXFileReference; fileEncoding = 4; lastKnownFileType = sourcecode.c.objc; path = "MagicalRecord+Actions.m"; sourceTree = "<group>"; };
		0E995404156CBF3900BC2A44 /* MagicalRecord+ErrorHandling.h */ = {isa = PBXFileReference; fileEncoding = 4; lastKnownFileType = sourcecode.c.h; path = "MagicalRecord+ErrorHandling.h"; sourceTree = "<group>"; };
		0E995405156CBF3900BC2A44 /* MagicalRecord+ErrorHandling.m */ = {isa = PBXFileReference; fileEncoding = 4; lastKnownFileType = sourcecode.c.objc; path = "MagicalRecord+ErrorHandling.m"; sourceTree = "<group>"; };
		0E995406156CBF3900BC2A44 /* MagicalRecord+iCloud.h */ = {isa = PBXFileReference; fileEncoding = 4; lastKnownFileType = sourcecode.c.h; path = "MagicalRecord+iCloud.h"; sourceTree = "<group>"; };
		0E995407156CBF3900BC2A44 /* MagicalRecord+iCloud.m */ = {isa = PBXFileReference; fileEncoding = 4; lastKnownFileType = sourcecode.c.objc; path = "MagicalRecord+iCloud.m"; sourceTree = "<group>"; };
		0E995408156CBF3900BC2A44 /* MagicalRecord+Options.h */ = {isa = PBXFileReference; fileEncoding = 4; lastKnownFileType = sourcecode.c.h; path = "MagicalRecord+Options.h"; sourceTree = "<group>"; };
		0E995409156CBF3900BC2A44 /* MagicalRecord+Options.m */ = {isa = PBXFileReference; fileEncoding = 4; lastKnownFileType = sourcecode.c.objc; path = "MagicalRecord+Options.m"; sourceTree = "<group>"; };
		0E99540A156CBF3900BC2A44 /* MagicalRecord+Setup.h */ = {isa = PBXFileReference; fileEncoding = 4; lastKnownFileType = sourcecode.c.h; path = "MagicalRecord+Setup.h"; sourceTree = "<group>"; };
		0E99540B156CBF3900BC2A44 /* MagicalRecord+Setup.m */ = {isa = PBXFileReference; fileEncoding = 4; lastKnownFileType = sourcecode.c.objc; path = "MagicalRecord+Setup.m"; sourceTree = "<group>"; };
		0E99540C156CBF3900BC2A44 /* MagicalRecord+ShorthandSupport.h */ = {isa = PBXFileReference; fileEncoding = 4; lastKnownFileType = sourcecode.c.h; path = "MagicalRecord+ShorthandSupport.h"; sourceTree = "<group>"; };
		0E99540D156CBF3900BC2A44 /* MagicalRecord+ShorthandSupport.m */ = {isa = PBXFileReference; fileEncoding = 4; lastKnownFileType = sourcecode.c.objc; path = "MagicalRecord+ShorthandSupport.m"; sourceTree = "<group>"; };
		0E99540E156CBF3900BC2A44 /* MagicalRecord.h */ = {isa = PBXFileReference; fileEncoding = 4; lastKnownFileType = sourcecode.c.h; path = MagicalRecord.h; sourceTree = "<group>"; };
		0E99540F156CBF3900BC2A44 /* MagicalRecord.m */ = {isa = PBXFileReference; fileEncoding = 4; lastKnownFileType = sourcecode.c.objc; path = MagicalRecord.m; sourceTree = "<group>"; };
		0E995410156CBF3900BC2A44 /* MagicalRecordShorthand.h */ = {isa = PBXFileReference; fileEncoding = 4; lastKnownFileType = sourcecode.c.h; path = MagicalRecordShorthand.h; sourceTree = "<group>"; };
		0E995411156CBF3900BC2A44 /* CoreData+MagicalRecord.h */ = {isa = PBXFileReference; fileEncoding = 4; lastKnownFileType = sourcecode.c.h; path = "CoreData+MagicalRecord.h"; sourceTree = "<group>"; };
/* End PBXFileReference section */

/* Begin PBXFrameworksBuildPhase section */
		0E9953AA156CBBE200BC2A44 /* Frameworks */ = {
			isa = PBXFrameworksBuildPhase;
			buildActionMask = 2147483647;
			files = (
				0E9953B2156CBBE200BC2A44 /* UIKit.framework in Frameworks */,
				0E9953B4156CBBE200BC2A44 /* Foundation.framework in Frameworks */,
				0E9953B6156CBBE200BC2A44 /* CoreGraphics.framework in Frameworks */,
				0E9953B8156CBBE200BC2A44 /* CoreData.framework in Frameworks */,
			);
			runOnlyForDeploymentPostprocessing = 0;
		};
/* End PBXFrameworksBuildPhase section */

/* Begin PBXGroup section */
		0E9953A2156CBBE200BC2A44 = {
			isa = PBXGroup;
			children = (
				0E9953B9156CBBE200BC2A44 /* TestMagicalRecord */,
				0E9953B0156CBBE200BC2A44 /* Frameworks */,
				0E9953AE156CBBE200BC2A44 /* Products */,
			);
			sourceTree = "<group>";
		};
		0E9953AE156CBBE200BC2A44 /* Products */ = {
			isa = PBXGroup;
			children = (
				0E9953AD156CBBE200BC2A44 /* TestMagicalRecord.app */,
			);
			name = Products;
			sourceTree = "<group>";
		};
		0E9953B0156CBBE200BC2A44 /* Frameworks */ = {
			isa = PBXGroup;
			children = (
				0E9953B1156CBBE200BC2A44 /* UIKit.framework */,
				0E9953B3156CBBE200BC2A44 /* Foundation.framework */,
				0E9953B5156CBBE200BC2A44 /* CoreGraphics.framework */,
				0E9953B7156CBBE200BC2A44 /* CoreData.framework */,
			);
			name = Frameworks;
			sourceTree = "<group>";
		};
		0E9953B9156CBBE200BC2A44 /* TestMagicalRecord */ = {
			isa = PBXGroup;
			children = (
				0E9953D6156CBF3900BC2A44 /* MagicalRecord */,
				0E9953C2156CBBE200BC2A44 /* AppDelegate.h */,
				0E9953C3156CBBE200BC2A44 /* AppDelegate.m */,
				0E9953C5156CBBE200BC2A44 /* TestMagicalRecord.xcdatamodeld */,
				0E9953BA156CBBE200BC2A44 /* Supporting Files */,
				0E26A1C0156CDD2800288008 /* Person.h */,
				0E26A1C1156CDD2800288008 /* Person.m */,
				0E26A1C8156CDE9300288008 /* MasterViewController.h */,
				0E26A1C9156CDE9300288008 /* MasterViewController.m */,
				0E26A1D6156CE58900288008 /* DetailViewController.h */,
				0E26A1D7156CE58900288008 /* DetailViewController.m */,
				0E26A1D8156CE58900288008 /* DetailViewController.xib */,
			);
			path = TestMagicalRecord;
			sourceTree = "<group>";
		};
		0E9953BA156CBBE200BC2A44 /* Supporting Files */ = {
			isa = PBXGroup;
			children = (
				0E9953BB156CBBE200BC2A44 /* TestMagicalRecord-Info.plist */,
				0E9953BC156CBBE200BC2A44 /* InfoPlist.strings */,
				0E9953BF156CBBE200BC2A44 /* main.m */,
				0E9953C1156CBBE200BC2A44 /* TestMagicalRecord-Prefix.pch */,
			);
			name = "Supporting Files";
			sourceTree = "<group>";
		};
		0E9953D6156CBF3900BC2A44 /* MagicalRecord */ = {
			isa = PBXGroup;
			children = (
				0E9953D7156CBF3900BC2A44 /* Categories */,
				0E995401156CBF3900BC2A44 /* Core */,
				0E995411156CBF3900BC2A44 /* CoreData+MagicalRecord.h */,
			);
			path = MagicalRecord;
			sourceTree = "<group>";
		};
		0E9953D7156CBF3900BC2A44 /* Categories */ = {
			isa = PBXGroup;
			children = (
				0E9953D8156CBF3900BC2A44 /* DataImport */,
				0E9953E7156CBF3900BC2A44 /* NSManagedObject */,
				0E9953F2156CBF3900BC2A44 /* NSManagedObjectContext */,
				0E9953FB156CBF3900BC2A44 /* NSManagedObjectModel+MagicalRecord.h */,
				0E9953FC156CBF3900BC2A44 /* NSManagedObjectModel+MagicalRecord.m */,
				0E9953FD156CBF3900BC2A44 /* NSPersistentStore+MagicalRecord.h */,
				0E9953FE156CBF3900BC2A44 /* NSPersistentStore+MagicalRecord.m */,
				0E9953FF156CBF3900BC2A44 /* NSPersistentStoreCoordinator+MagicalRecord.h */,
				0E995400156CBF3900BC2A44 /* NSPersistentStoreCoordinator+MagicalRecord.m */,
			);
			path = Categories;
			sourceTree = "<group>";
		};
		0E9953D8156CBF3900BC2A44 /* DataImport */ = {
			isa = PBXGroup;
			children = (
				0E9953D9156CBF3900BC2A44 /* MagicalImportFunctions.h */,
				0E9953DA156CBF3900BC2A44 /* MagicalImportFunctions.m */,
				0E9953DB156CBF3900BC2A44 /* NSAttributeDescription+MagicalDataImport.h */,
				0E9953DC156CBF3900BC2A44 /* NSAttributeDescription+MagicalDataImport.m */,
				0E9953DD156CBF3900BC2A44 /* NSEntityDescription+MagicalDataImport.h */,
				0E9953DE156CBF3900BC2A44 /* NSEntityDescription+MagicalDataImport.m */,
				0E9953DF156CBF3900BC2A44 /* NSNumber+MagicalDataImport.h */,
				0E9953E0156CBF3900BC2A44 /* NSNumber+MagicalDataImport.m */,
				0E9953E1156CBF3900BC2A44 /* NSObject+MagicalDataImport.h */,
				0E9953E2156CBF3900BC2A44 /* NSObject+MagicalDataImport.m */,
				0E9953E3156CBF3900BC2A44 /* NSRelationshipDescription+MagicalDataImport.h */,
				0E9953E4156CBF3900BC2A44 /* NSRelationshipDescription+MagicalDataImport.m */,
				0E9953E5156CBF3900BC2A44 /* NSString+MagicalDataImport.h */,
				0E9953E6156CBF3900BC2A44 /* NSString+MagicalDataImport.m */,
			);
			path = DataImport;
			sourceTree = "<group>";
		};
		0E9953E7156CBF3900BC2A44 /* NSManagedObject */ = {
			isa = PBXGroup;
			children = (
				0E9953E8156CBF3900BC2A44 /* NSManagedObject+MagicalAggregation.h */,
				0E9953E9156CBF3900BC2A44 /* NSManagedObject+MagicalAggregation.m */,
				0E9953EA156CBF3900BC2A44 /* NSManagedObject+MagicalDataImport.h */,
				0E9953EB156CBF3900BC2A44 /* NSManagedObject+MagicalDataImport.m */,
				0E9953EC156CBF3900BC2A44 /* NSManagedObject+MagicalFinders.h */,
				0E9953ED156CBF3900BC2A44 /* NSManagedObject+MagicalFinders.m */,
				0E9953EE156CBF3900BC2A44 /* NSManagedObject+MagicalRecord.h */,
				0E9953EF156CBF3900BC2A44 /* NSManagedObject+MagicalRecord.m */,
				0E9953F0156CBF3900BC2A44 /* NSManagedObject+MagicalRequests.h */,
				0E9953F1156CBF3900BC2A44 /* NSManagedObject+MagicalRequests.m */,
			);
			path = NSManagedObject;
			sourceTree = "<group>";
		};
		0E9953F2156CBF3900BC2A44 /* NSManagedObjectContext */ = {
			isa = PBXGroup;
			children = (
				0E9953F3156CBF3900BC2A44 /* NSManagedObjectContext+MagicalObserving.h */,
				0E9953F4156CBF3900BC2A44 /* NSManagedObjectContext+MagicalObserving.m */,
				0E9953F5156CBF3900BC2A44 /* NSManagedObjectContext+MagicalRecord.h */,
				0E9953F6156CBF3900BC2A44 /* NSManagedObjectContext+MagicalRecord.m */,
				0E9953F7156CBF3900BC2A44 /* NSManagedObjectContext+MagicalSaves.h */,
				0E9953F8156CBF3900BC2A44 /* NSManagedObjectContext+MagicalSaves.m */,
				0E9953F9156CBF3900BC2A44 /* NSManagedObjectContext+MagicalThreading.h */,
				0E9953FA156CBF3900BC2A44 /* NSManagedObjectContext+MagicalThreading.m */,
			);
			path = NSManagedObjectContext;
			sourceTree = "<group>";
		};
		0E995401156CBF3900BC2A44 /* Core */ = {
			isa = PBXGroup;
			children = (
				0E995402156CBF3900BC2A44 /* MagicalRecord+Actions.h */,
				0E995403156CBF3900BC2A44 /* MagicalRecord+Actions.m */,
				0E995404156CBF3900BC2A44 /* MagicalRecord+ErrorHandling.h */,
				0E995405156CBF3900BC2A44 /* MagicalRecord+ErrorHandling.m */,
				0E995406156CBF3900BC2A44 /* MagicalRecord+iCloud.h */,
				0E995407156CBF3900BC2A44 /* MagicalRecord+iCloud.m */,
				0E995408156CBF3900BC2A44 /* MagicalRecord+Options.h */,
				0E995409156CBF3900BC2A44 /* MagicalRecord+Options.m */,
				0E99540A156CBF3900BC2A44 /* MagicalRecord+Setup.h */,
				0E99540B156CBF3900BC2A44 /* MagicalRecord+Setup.m */,
				0E99540C156CBF3900BC2A44 /* MagicalRecord+ShorthandSupport.h */,
				0E99540D156CBF3900BC2A44 /* MagicalRecord+ShorthandSupport.m */,
				0E99540E156CBF3900BC2A44 /* MagicalRecord.h */,
				0E99540F156CBF3900BC2A44 /* MagicalRecord.m */,
				0E995410156CBF3900BC2A44 /* MagicalRecordShorthand.h */,
			);
			path = Core;
			sourceTree = "<group>";
		};
/* End PBXGroup section */

/* Begin PBXNativeTarget section */
		0E9953AC156CBBE200BC2A44 /* TestMagicalRecord */ = {
			isa = PBXNativeTarget;
			buildConfigurationList = 0E9953CA156CBBE200BC2A44 /* Build configuration list for PBXNativeTarget "TestMagicalRecord" */;
			buildPhases = (
				0E9953A9156CBBE200BC2A44 /* Sources */,
				0E9953AA156CBBE200BC2A44 /* Frameworks */,
				0E9953AB156CBBE200BC2A44 /* Resources */,
			);
			buildRules = (
			);
			dependencies = (
			);
			name = TestMagicalRecord;
			productName = TestMagicalRecord;
			productReference = 0E9953AD156CBBE200BC2A44 /* TestMagicalRecord.app */;
			productType = "com.apple.product-type.application";
		};
/* End PBXNativeTarget section */

/* Begin PBXProject section */
		0E9953A4156CBBE200BC2A44 /* Project object */ = {
			isa = PBXProject;
			attributes = {
				LastUpgradeCheck = 0430;
			};
			buildConfigurationList = 0E9953A7156CBBE200BC2A44 /* Build configuration list for PBXProject "TestMagicalRecord" */;
			compatibilityVersion = "Xcode 3.2";
			developmentRegion = English;
			hasScannedForEncodings = 0;
			knownRegions = (
				en,
			);
			mainGroup = 0E9953A2156CBBE200BC2A44;
			productRefGroup = 0E9953AE156CBBE200BC2A44 /* Products */;
			projectDirPath = "";
			projectRoot = "";
			targets = (
				0E9953AC156CBBE200BC2A44 /* TestMagicalRecord */,
			);
		};
/* End PBXProject section */

/* Begin PBXResourcesBuildPhase section */
		0E9953AB156CBBE200BC2A44 /* Resources */ = {
			isa = PBXResourcesBuildPhase;
			buildActionMask = 2147483647;
			files = (
				0E9953BE156CBBE200BC2A44 /* InfoPlist.strings in Resources */,
				0E26A1DA156CE58900288008 /* DetailViewController.xib in Resources */,
			);
			runOnlyForDeploymentPostprocessing = 0;
		};
/* End PBXResourcesBuildPhase section */

/* Begin PBXSourcesBuildPhase section */
		0E9953A9156CBBE200BC2A44 /* Sources */ = {
			isa = PBXSourcesBuildPhase;
			buildActionMask = 2147483647;
			files = (
				0E9953C0156CBBE200BC2A44 /* main.m in Sources */,
				0E9953C4156CBBE200BC2A44 /* AppDelegate.m in Sources */,
				0E9953C7156CBBE200BC2A44 /* TestMagicalRecord.xcdatamodeld in Sources */,
				0E995412156CBF3900BC2A44 /* MagicalImportFunctions.m in Sources */,
				0E995413156CBF3900BC2A44 /* NSAttributeDescription+MagicalDataImport.m in Sources */,
				0E995414156CBF3900BC2A44 /* NSEntityDescription+MagicalDataImport.m in Sources */,
				0E995415156CBF3900BC2A44 /* NSNumber+MagicalDataImport.m in Sources */,
				0E995416156CBF3900BC2A44 /* NSObject+MagicalDataImport.m in Sources */,
				0E995417156CBF3900BC2A44 /* NSRelationshipDescription+MagicalDataImport.m in Sources */,
				0E995418156CBF3900BC2A44 /* NSString+MagicalDataImport.m in Sources */,
				0E995419156CBF3900BC2A44 /* NSManagedObject+MagicalAggregation.m in Sources */,
				0E99541A156CBF3900BC2A44 /* NSManagedObject+MagicalDataImport.m in Sources */,
				0E99541B156CBF3900BC2A44 /* NSManagedObject+MagicalFinders.m in Sources */,
				0E99541C156CBF3900BC2A44 /* NSManagedObject+MagicalRecord.m in Sources */,
				0E99541D156CBF3900BC2A44 /* NSManagedObject+MagicalRequests.m in Sources */,
				0E99541E156CBF3900BC2A44 /* NSManagedObjectContext+MagicalObserving.m in Sources */,
				0E99541F156CBF3900BC2A44 /* NSManagedObjectContext+MagicalRecord.m in Sources */,
				0E995420156CBF3900BC2A44 /* NSManagedObjectContext+MagicalSaves.m in Sources */,
				0E995421156CBF3900BC2A44 /* NSManagedObjectContext+MagicalThreading.m in Sources */,
				0E995422156CBF3900BC2A44 /* NSManagedObjectModel+MagicalRecord.m in Sources */,
				0E995423156CBF3900BC2A44 /* NSPersistentStore+MagicalRecord.m in Sources */,
				0E995424156CBF3900BC2A44 /* NSPersistentStoreCoordinator+MagicalRecord.m in Sources */,
				0E995425156CBF3900BC2A44 /* MagicalRecord+Actions.m in Sources */,
				0E995426156CBF3900BC2A44 /* MagicalRecord+ErrorHandling.m in Sources */,
				0E995427156CBF3900BC2A44 /* MagicalRecord+iCloud.m in Sources */,
				0E995428156CBF3900BC2A44 /* MagicalRecord+Options.m in Sources */,
				0E995429156CBF3900BC2A44 /* MagicalRecord+Setup.m in Sources */,
				0E99542A156CBF3900BC2A44 /* MagicalRecord+ShorthandSupport.m in Sources */,
				0E99542B156CBF3900BC2A44 /* MagicalRecord.m in Sources */,
				0E26A1C2156CDD2800288008 /* Person.m in Sources */,
				0E26A1CA156CDE9300288008 /* MasterViewController.m in Sources */,
				0E26A1D9156CE58900288008 /* DetailViewController.m in Sources */,
			);
			runOnlyForDeploymentPostprocessing = 0;
		};
/* End PBXSourcesBuildPhase section */

/* Begin PBXVariantGroup section */
		0E9953BC156CBBE200BC2A44 /* InfoPlist.strings */ = {
			isa = PBXVariantGroup;
			children = (
				0E9953BD156CBBE200BC2A44 /* en */,
			);
			name = InfoPlist.strings;
			sourceTree = "<group>";
		};
/* End PBXVariantGroup section */

/* Begin XCBuildConfiguration section */
		0E9953C8156CBBE200BC2A44 /* Debug */ = {
			isa = XCBuildConfiguration;
			buildSettings = {
				ALWAYS_SEARCH_USER_PATHS = NO;
				ARCHS = "$(ARCHS_STANDARD_32_BIT)";
				CLANG_ENABLE_OBJC_ARC = YES;
				"CODE_SIGN_IDENTITY[sdk=iphoneos*]" = "iPhone Developer";
				COPY_PHASE_STRIP = NO;
				GCC_C_LANGUAGE_STANDARD = gnu99;
				GCC_DYNAMIC_NO_PIC = NO;
				GCC_OPTIMIZATION_LEVEL = 0;
				GCC_PREPROCESSOR_DEFINITIONS = (
					"DEBUG=1",
					"$(inherited)",
				);
				GCC_SYMBOLS_PRIVATE_EXTERN = NO;
				GCC_VERSION = com.apple.compilers.llvm.clang.1_0;
				GCC_WARN_ABOUT_RETURN_TYPE = YES;
				GCC_WARN_UNINITIALIZED_AUTOS = YES;
				GCC_WARN_UNUSED_VARIABLE = YES;
				IPHONEOS_DEPLOYMENT_TARGET = 5.1;
				SDKROOT = iphoneos;
			};
			name = Debug;
		};
		0E9953C9156CBBE200BC2A44 /* Release */ = {
			isa = XCBuildConfiguration;
			buildSettings = {
				ALWAYS_SEARCH_USER_PATHS = NO;
				ARCHS = "$(ARCHS_STANDARD_32_BIT)";
				CLANG_ENABLE_OBJC_ARC = YES;
				"CODE_SIGN_IDENTITY[sdk=iphoneos*]" = "iPhone Developer";
				COPY_PHASE_STRIP = YES;
				GCC_C_LANGUAGE_STANDARD = gnu99;
				GCC_VERSION = com.apple.compilers.llvm.clang.1_0;
				GCC_WARN_ABOUT_RETURN_TYPE = YES;
				GCC_WARN_UNINITIALIZED_AUTOS = YES;
				GCC_WARN_UNUSED_VARIABLE = YES;
				IPHONEOS_DEPLOYMENT_TARGET = 5.1;
				OTHER_CFLAGS = "-DNS_BLOCK_ASSERTIONS=1";
				SDKROOT = iphoneos;
				VALIDATE_PRODUCT = YES;
			};
			name = Release;
		};
		0E9953CB156CBBE200BC2A44 /* Debug */ = {
			isa = XCBuildConfiguration;
			buildSettings = {
				GCC_PRECOMPILE_PREFIX_HEADER = YES;
				GCC_PREFIX_HEADER = "TestMagicalRecord/TestMagicalRecord-Prefix.pch";
				INFOPLIST_FILE = "TestMagicalRecord/TestMagicalRecord-Info.plist";
				PRODUCT_NAME = "$(TARGET_NAME)";
				WRAPPER_EXTENSION = app;
			};
			name = Debug;
		};
		0E9953CC156CBBE200BC2A44 /* Release */ = {
			isa = XCBuildConfiguration;
			buildSettings = {
				GCC_PRECOMPILE_PREFIX_HEADER = YES;
				GCC_PREFIX_HEADER = "TestMagicalRecord/TestMagicalRecord-Prefix.pch";
				INFOPLIST_FILE = "TestMagicalRecord/TestMagicalRecord-Info.plist";
				PRODUCT_NAME = "$(TARGET_NAME)";
				WRAPPER_EXTENSION = app;
			};
			name = Release;
		};
/* End XCBuildConfiguration section */

/* Begin XCConfigurationList section */
		0E9953A7156CBBE200BC2A44 /* Build configuration list for PBXProject "TestMagicalRecord" */ = {
			isa = XCConfigurationList;
			buildConfigurations = (
				0E9953C8156CBBE200BC2A44 /* Debug */,
				0E9953C9156CBBE200BC2A44 /* Release */,
			);
			defaultConfigurationIsVisible = 0;
			defaultConfigurationName = Release;
		};
		0E9953CA156CBBE200BC2A44 /* Build configuration list for PBXNativeTarget "TestMagicalRecord" */ = {
			isa = XCConfigurationList;
			buildConfigurations = (
				0E9953CB156CBBE200BC2A44 /* Debug */,
				0E9953CC156CBBE200BC2A44 /* Release */,
			);
			defaultConfigurationIsVisible = 0;
			defaultConfigurationName = Release;
		};
/* End XCConfigurationList section */

/* Begin XCVersionGroup section */
		0E9953C5156CBBE200BC2A44 /* TestMagicalRecord.xcdatamodeld */ = {
			isa = XCVersionGroup;
			children = (
				0E9953C6156CBBE200BC2A44 /* TestMagicalRecord.xcdatamodel */,
			);
			currentVersion = 0E9953C6156CBBE200BC2A44 /* TestMagicalRecord.xcdatamodel */;
			path = TestMagicalRecord.xcdatamodeld;
			sourceTree = "<group>";
			versionGroupType = wrapper.xcdatamodel;
		};
/* End XCVersionGroup section */
	};
	rootObject = 0E9953A4156CBBE200BC2A44 /* Project object */;
}
