// !$*UTF8*$!
{
	archiveVersion = 1;
	classes = {
	};
	objectVersion = 46;
	objects = {

/* Begin PBXBuildFile section */
		0E7B35AB1636772700926343 /* UIKit.framework in Frameworks */ = {isa = PBXBuildFile; fileRef = 0E7B35AA1636772700926343 /* UIKit.framework */; };
		0E7B35AD1636772700926343 /* Foundation.framework in Frameworks */ = {isa = PBXBuildFile; fileRef = 0E7B35AC1636772700926343 /* Foundation.framework */; };
		0E7B35AF1636772700926343 /* CoreGraphics.framework in Frameworks */ = {isa = PBXBuildFile; fileRef = 0E7B35AE1636772700926343 /* CoreGraphics.framework */; };
		0E7B35B51636772700926343 /* InfoPlist.strings in Resources */ = {isa = PBXBuildFile; fileRef = 0E7B35B31636772700926343 /* InfoPlist.strings */; };
		0E7B35B71636772700926343 /* main.m in Sources */ = {isa = PBXBuildFile; fileRef = 0E7B35B61636772700926343 /* main.m */; };
		0E7B35BB1636772700926343 /* AppDelegate.m in Sources */ = {isa = PBXBuildFile; fileRef = 0E7B35BA1636772700926343 /* AppDelegate.m */; };
		0E7B35BD1636772700926343 /* Default.png in Resources */ = {isa = PBXBuildFile; fileRef = 0E7B35BC1636772700926343 /* Default.png */; };
		0E7B35BF1636772800926343 /* Default@2x.png in Resources */ = {isa = PBXBuildFile; fileRef = 0E7B35BE1636772700926343 /* Default@2x.png */; };
		0E7B35C11636772800926343 /* Default-568h@2x.png in Resources */ = {isa = PBXBuildFile; fileRef = 0E7B35C01636772800926343 /* Default-568h@2x.png */; };
		0E7B35C91636794100926343 /* MainStoryboard.storyboard in Resources */ = {isa = PBXBuildFile; fileRef = 0E7B35C81636794100926343 /* MainStoryboard.storyboard */; };
		0E7B35CC1636799900926343 /* EditorViewController.m in Sources */ = {isa = PBXBuildFile; fileRef = 0E7B35CB1636799900926343 /* EditorViewController.m */; };
		0E7B35D81636816C00926343 /* autolink.c in Sources */ = {isa = PBXBuildFile; fileRef = 0E7B35CF1636816C00926343 /* autolink.c */; };
		0E7B35D91636816C00926343 /* buffer.c in Sources */ = {isa = PBXBuildFile; fileRef = 0E7B35D11636816C00926343 /* buffer.c */; };
		0E7B35DA1636816C00926343 /* markdown.c in Sources */ = {isa = PBXBuildFile; fileRef = 0E7B35D41636816C00926343 /* markdown.c */; };
		0E7B35DB1636816C00926343 /* stack.c in Sources */ = {isa = PBXBuildFile; fileRef = 0E7B35D61636816C00926343 /* stack.c */; };
		0E7B35DE1636823500926343 /* PreviewViewController.m in Sources */ = {isa = PBXBuildFile; fileRef = 0E7B35DD1636823500926343 /* PreviewViewController.m */; };
		0E7B35E616368B4500926343 /* houdini_href_e.c in Sources */ = {isa = PBXBuildFile; fileRef = 0E7B35E116368B4500926343 /* houdini_href_e.c */; };
		0E7B35E716368B4500926343 /* houdini_html_e.c in Sources */ = {isa = PBXBuildFile; fileRef = 0E7B35E216368B4500926343 /* houdini_html_e.c */; };
		0E7B35E816368B4500926343 /* html.c in Sources */ = {isa = PBXBuildFile; fileRef = 0E7B35E316368B4500926343 /* html.c */; };
		0E7B35E916368B4500926343 /* html_smartypants.c in Sources */ = {isa = PBXBuildFile; fileRef = 0E7B35E516368B4500926343 /* html_smartypants.c */; };
		0E7B362E1636978500926343 /* sample.md in Resources */ = {isa = PBXBuildFile; fileRef = 0E7B362D1636978500926343 /* sample.md */; };
/* End PBXBuildFile section */

/* Begin PBXFileReference section */
		0E7B35A61636772700926343 /* TestSundown.app */ = {isa = PBXFileReference; explicitFileType = wrapper.application; includeInIndex = 0; path = TestSundown.app; sourceTree = BUILT_PRODUCTS_DIR; };
		0E7B35AA1636772700926343 /* UIKit.framework */ = {isa = PBXFileReference; lastKnownFileType = wrapper.framework; name = UIKit.framework; path = System/Library/Frameworks/UIKit.framework; sourceTree = SDKROOT; };
		0E7B35AC1636772700926343 /* Foundation.framework */ = {isa = PBXFileReference; lastKnownFileType = wrapper.framework; name = Foundation.framework; path = System/Library/Frameworks/Foundation.framework; sourceTree = SDKROOT; };
		0E7B35AE1636772700926343 /* CoreGraphics.framework */ = {isa = PBXFileReference; lastKnownFileType = wrapper.framework; name = CoreGraphics.framework; path = System/Library/Frameworks/CoreGraphics.framework; sourceTree = SDKROOT; };
		0E7B35B21636772700926343 /* TestSundown-Info.plist */ = {isa = PBXFileReference; lastKnownFileType = text.plist.xml; path = "TestSundown-Info.plist"; sourceTree = "<group>"; };
		0E7B35B41636772700926343 /* en */ = {isa = PBXFileReference; lastKnownFileType = text.plist.strings; name = en; path = en.lproj/InfoPlist.strings; sourceTree = "<group>"; };
		0E7B35B61636772700926343 /* main.m */ = {isa = PBXFileReference; lastKnownFileType = sourcecode.c.objc; path = main.m; sourceTree = "<group>"; };
		0E7B35B81636772700926343 /* TestSundown-Prefix.pch */ = {isa = PBXFileReference; lastKnownFileType = sourcecode.c.h; path = "TestSundown-Prefix.pch"; sourceTree = "<group>"; };
		0E7B35B91636772700926343 /* AppDelegate.h */ = {isa = PBXFileReference; lastKnownFileType = sourcecode.c.h; path = AppDelegate.h; sourceTree = "<group>"; };
		0E7B35BA1636772700926343 /* AppDelegate.m */ = {isa = PBXFileReference; lastKnownFileType = sourcecode.c.objc; path = AppDelegate.m; sourceTree = "<group>"; };
		0E7B35BC1636772700926343 /* Default.png */ = {isa = PBXFileReference; lastKnownFileType = image.png; path = Default.png; sourceTree = "<group>"; };
		0E7B35BE1636772700926343 /* Default@2x.png */ = {isa = PBXFileReference; lastKnownFileType = image.png; path = "Default@2x.png"; sourceTree = "<group>"; };
		0E7B35C01636772800926343 /* Default-568h@2x.png */ = {isa = PBXFileReference; lastKnownFileType = image.png; path = "Default-568h@2x.png"; sourceTree = "<group>"; };
		0E7B35C81636794100926343 /* MainStoryboard.storyboard */ = {isa = PBXFileReference; fileEncoding = 4; lastKnownFileType = file.storyboard; path = MainStoryboard.storyboard; sourceTree = "<group>"; };
		0E7B35CA1636799900926343 /* EditorViewController.h */ = {isa = PBXFileReference; fileEncoding = 4; lastKnownFileType = sourcecode.c.h; path = EditorViewController.h; sourceTree = "<group>"; };
		0E7B35CB1636799900926343 /* EditorViewController.m */ = {isa = PBXFileReference; fileEncoding = 4; lastKnownFileType = sourcecode.c.objc; path = EditorViewController.m; sourceTree = "<group>"; };
		0E7B35CF1636816C00926343 /* autolink.c */ = {isa = PBXFileReference; fileEncoding = 4; lastKnownFileType = sourcecode.c.c; path = autolink.c; sourceTree = "<group>"; };
		0E7B35D01636816C00926343 /* autolink.h */ = {isa = PBXFileReference; fileEncoding = 4; lastKnownFileType = sourcecode.c.h; path = autolink.h; sourceTree = "<group>"; };
		0E7B35D11636816C00926343 /* buffer.c */ = {isa = PBXFileReference; fileEncoding = 4; lastKnownFileType = sourcecode.c.c; path = buffer.c; sourceTree = "<group>"; };
		0E7B35D21636816C00926343 /* buffer.h */ = {isa = PBXFileReference; fileEncoding = 4; lastKnownFileType = sourcecode.c.h; path = buffer.h; sourceTree = "<group>"; };
		0E7B35D31636816C00926343 /* html_blocks.h */ = {isa = PBXFileReference; fileEncoding = 4; lastKnownFileType = sourcecode.c.h; path = html_blocks.h; sourceTree = "<group>"; };
		0E7B35D41636816C00926343 /* markdown.c */ = {isa = PBXFileReference; fileEncoding = 4; lastKnownFileType = sourcecode.c.c; path = markdown.c; sourceTree = "<group>"; };
		0E7B35D51636816C00926343 /* markdown.h */ = {isa = PBXFileReference; fileEncoding = 4; lastKnownFileType = sourcecode.c.h; path = markdown.h; sourceTree = "<group>"; };
		0E7B35D61636816C00926343 /* stack.c */ = {isa = PBXFileReference; fileEncoding = 4; lastKnownFileType = sourcecode.c.c; path = stack.c; sourceTree = "<group>"; };
		0E7B35D71636816C00926343 /* stack.h */ = {isa = PBXFileReference; fileEncoding = 4; lastKnownFileType = sourcecode.c.h; path = stack.h; sourceTree = "<group>"; };
		0E7B35DC1636823500926343 /* PreviewViewController.h */ = {isa = PBXFileReference; fileEncoding = 4; lastKnownFileType = sourcecode.c.h; path = PreviewViewController.h; sourceTree = "<group>"; };
		0E7B35DD1636823500926343 /* PreviewViewController.m */ = {isa = PBXFileReference; fileEncoding = 4; lastKnownFileType = sourcecode.c.objc; path = PreviewViewController.m; sourceTree = "<group>"; };
		0E7B35E016368B4500926343 /* houdini.h */ = {isa = PBXFileReference; fileEncoding = 4; lastKnownFileType = sourcecode.c.h; path = houdini.h; sourceTree = "<group>"; };
		0E7B35E116368B4500926343 /* houdini_href_e.c */ = {isa = PBXFileReference; fileEncoding = 4; lastKnownFileType = sourcecode.c.c; path = houdini_href_e.c; sourceTree = "<group>"; };
		0E7B35E216368B4500926343 /* houdini_html_e.c */ = {isa = PBXFileReference; fileEncoding = 4; lastKnownFileType = sourcecode.c.c; path = houdini_html_e.c; sourceTree = "<group>"; };
		0E7B35E316368B4500926343 /* html.c */ = {isa = PBXFileReference; fileEncoding = 4; lastKnownFileType = sourcecode.c.c; path = html.c; sourceTree = "<group>"; };
		0E7B35E416368B4500926343 /* html.h */ = {isa = PBXFileReference; fileEncoding = 4; lastKnownFileType = sourcecode.c.h; path = html.h; sourceTree = "<group>"; };
		0E7B35E516368B4500926343 /* html_smartypants.c */ = {isa = PBXFileReference; fileEncoding = 4; lastKnownFileType = sourcecode.c.c; path = html_smartypants.c; sourceTree = "<group>"; };
		0E7B362D1636978500926343 /* sample.md */ = {isa = PBXFileReference; fileEncoding = 4; lastKnownFileType = text; path = sample.md; sourceTree = "<group>"; };
/* End PBXFileReference section */

/* Begin PBXFrameworksBuildPhase section */
		0E7B35A31636772700926343 /* Frameworks */ = {
			isa = PBXFrameworksBuildPhase;
			buildActionMask = 2147483647;
			files = (
				0E7B35AB1636772700926343 /* UIKit.framework in Frameworks */,
				0E7B35AD1636772700926343 /* Foundation.framework in Frameworks */,
				0E7B35AF1636772700926343 /* CoreGraphics.framework in Frameworks */,
			);
			runOnlyForDeploymentPostprocessing = 0;
		};
/* End PBXFrameworksBuildPhase section */

/* Begin PBXGroup section */
		0E7B359B1636772700926343 = {
			isa = PBXGroup;
			children = (
				0E7B35B01636772700926343 /* TestSundown */,
				0E7B35A91636772700926343 /* Frameworks */,
				0E7B35A71636772700926343 /* Products */,
			);
			sourceTree = "<group>";
		};
		0E7B35A71636772700926343 /* Products */ = {
			isa = PBXGroup;
			children = (
				0E7B35A61636772700926343 /* TestSundown.app */,
			);
			name = Products;
			sourceTree = "<group>";
		};
		0E7B35A91636772700926343 /* Frameworks */ = {
			isa = PBXGroup;
			children = (
				0E7B35AA1636772700926343 /* UIKit.framework */,
				0E7B35AC1636772700926343 /* Foundation.framework */,
				0E7B35AE1636772700926343 /* CoreGraphics.framework */,
			);
			name = Frameworks;
			sourceTree = "<group>";
		};
		0E7B35B01636772700926343 /* TestSundown */ = {
			isa = PBXGroup;
			children = (
				0E7B35CD1636816C00926343 /* Libs */,
				0E7B35C7163678EB00926343 /* Classes */,
				0E7B35B91636772700926343 /* AppDelegate.h */,
				0E7B35BA1636772700926343 /* AppDelegate.m */,
				0E7B35EE163693E900926343 /* Resources */,
				0E7B35B11636772700926343 /* Supporting Files */,
				0E7B35C81636794100926343 /* MainStoryboard.storyboard */,
			);
			path = TestSundown;
			sourceTree = "<group>";
		};
		0E7B35B11636772700926343 /* Supporting Files */ = {
			isa = PBXGroup;
			children = (
				0E7B35B21636772700926343 /* TestSundown-Info.plist */,
				0E7B35B31636772700926343 /* InfoPlist.strings */,
				0E7B35B61636772700926343 /* main.m */,
				0E7B35B81636772700926343 /* TestSundown-Prefix.pch */,
				0E7B35BC1636772700926343 /* Default.png */,
				0E7B35BE1636772700926343 /* Default@2x.png */,
				0E7B35C01636772800926343 /* Default-568h@2x.png */,
			);
			name = "Supporting Files";
			sourceTree = "<group>";
		};
		0E7B35C7163678EB00926343 /* Classes */ = {
			isa = PBXGroup;
			children = (
				0E7B35CA1636799900926343 /* EditorViewController.h */,
				0E7B35CB1636799900926343 /* EditorViewController.m */,
				0E7B35DC1636823500926343 /* PreviewViewController.h */,
				0E7B35DD1636823500926343 /* PreviewViewController.m */,
			);
			path = Classes;
			sourceTree = "<group>";
		};
		0E7B35CD1636816C00926343 /* Libs */ = {
			isa = PBXGroup;
			children = (
				0E7B35CE1636816C00926343 /* Sundown */,
			);
			path = Libs;
			sourceTree = "<group>";
		};
		0E7B35CE1636816C00926343 /* Sundown */ = {
			isa = PBXGroup;
			children = (
				0E7B35DF16368B4500926343 /* html */,
				0E7B35CF1636816C00926343 /* autolink.c */,
				0E7B35D01636816C00926343 /* autolink.h */,
				0E7B35D11636816C00926343 /* buffer.c */,
				0E7B35D21636816C00926343 /* buffer.h */,
				0E7B35D31636816C00926343 /* html_blocks.h */,
				0E7B35D41636816C00926343 /* markdown.c */,
				0E7B35D51636816C00926343 /* markdown.h */,
				0E7B35D61636816C00926343 /* stack.c */,
				0E7B35D71636816C00926343 /* stack.h */,
			);
			path = Sundown;
			sourceTree = "<group>";
		};
		0E7B35DF16368B4500926343 /* html */ = {
			isa = PBXGroup;
			children = (
				0E7B35E016368B4500926343 /* houdini.h */,
				0E7B35E116368B4500926343 /* houdini_href_e.c */,
				0E7B35E216368B4500926343 /* houdini_html_e.c */,
				0E7B35E316368B4500926343 /* html.c */,
				0E7B35E416368B4500926343 /* html.h */,
				0E7B35E516368B4500926343 /* html_smartypants.c */,
			);
			path = html;
			sourceTree = "<group>";
		};
		0E7B35EE163693E900926343 /* Resources */ = {
			isa = PBXGroup;
			children = (
				0E7B362D1636978500926343 /* sample.md */,
			);
			path = Resources;
			sourceTree = "<group>";
		};
/* End PBXGroup section */

/* Begin PBXNativeTarget section */
		0E7B35A51636772700926343 /* TestSundown */ = {
			isa = PBXNativeTarget;
			buildConfigurationList = 0E7B35C41636772800926343 /* Build configuration list for PBXNativeTarget "TestSundown" */;
			buildPhases = (
				0E7B35A21636772700926343 /* Sources */,
				0E7B35A31636772700926343 /* Frameworks */,
				0E7B35A41636772700926343 /* Resources */,
			);
			buildRules = (
			);
			dependencies = (
			);
			name = TestSundown;
			productName = TestSundown;
			productReference = 0E7B35A61636772700926343 /* TestSundown.app */;
			productType = "com.apple.product-type.application";
		};
/* End PBXNativeTarget section */

/* Begin PBXProject section */
		0E7B359D1636772700926343 /* Project object */ = {
			isa = PBXProject;
			attributes = {
				LastUpgradeCheck = 0450;
				ORGANIZATIONNAME = matsuda;
			};
			buildConfigurationList = 0E7B35A01636772700926343 /* Build configuration list for PBXProject "TestSundown" */;
			compatibilityVersion = "Xcode 3.2";
			developmentRegion = English;
			hasScannedForEncodings = 0;
			knownRegions = (
				en,
			);
			mainGroup = 0E7B359B1636772700926343;
			productRefGroup = 0E7B35A71636772700926343 /* Products */;
			projectDirPath = "";
			projectRoot = "";
			targets = (
				0E7B35A51636772700926343 /* TestSundown */,
			);
		};
/* End PBXProject section */

/* Begin PBXResourcesBuildPhase section */
		0E7B35A41636772700926343 /* Resources */ = {
			isa = PBXResourcesBuildPhase;
			buildActionMask = 2147483647;
			files = (
				0E7B35B51636772700926343 /* InfoPlist.strings in Resources */,
				0E7B35BD1636772700926343 /* Default.png in Resources */,
				0E7B35BF1636772800926343 /* Default@2x.png in Resources */,
				0E7B35C11636772800926343 /* Default-568h@2x.png in Resources */,
				0E7B35C91636794100926343 /* MainStoryboard.storyboard in Resources */,
				0E7B362E1636978500926343 /* sample.md in Resources */,
			);
			runOnlyForDeploymentPostprocessing = 0;
		};
/* End PBXResourcesBuildPhase section */

/* Begin PBXSourcesBuildPhase section */
		0E7B35A21636772700926343 /* Sources */ = {
			isa = PBXSourcesBuildPhase;
			buildActionMask = 2147483647;
			files = (
				0E7B35B71636772700926343 /* main.m in Sources */,
				0E7B35BB1636772700926343 /* AppDelegate.m in Sources */,
				0E7B35CC1636799900926343 /* EditorViewController.m in Sources */,
				0E7B35D81636816C00926343 /* autolink.c in Sources */,
				0E7B35D91636816C00926343 /* buffer.c in Sources */,
				0E7B35DA1636816C00926343 /* markdown.c in Sources */,
				0E7B35DB1636816C00926343 /* stack.c in Sources */,
				0E7B35DE1636823500926343 /* PreviewViewController.m in Sources */,
				0E7B35E616368B4500926343 /* houdini_href_e.c in Sources */,
				0E7B35E716368B4500926343 /* houdini_html_e.c in Sources */,
				0E7B35E816368B4500926343 /* html.c in Sources */,
				0E7B35E916368B4500926343 /* html_smartypants.c in Sources */,
			);
			runOnlyForDeploymentPostprocessing = 0;
		};
/* End PBXSourcesBuildPhase section */

/* Begin PBXVariantGroup section */
		0E7B35B31636772700926343 /* InfoPlist.strings */ = {
			isa = PBXVariantGroup;
			children = (
				0E7B35B41636772700926343 /* en */,
			);
			name = InfoPlist.strings;
			sourceTree = "<group>";
		};
/* End PBXVariantGroup section */

/* Begin XCBuildConfiguration section */
		0E7B35C21636772800926343 /* Debug */ = {
			isa = XCBuildConfiguration;
			buildSettings = {
				ALWAYS_SEARCH_USER_PATHS = NO;
				CLANG_CXX_LANGUAGE_STANDARD = "gnu++0x";
				CLANG_CXX_LIBRARY = "libc++";
				CLANG_ENABLE_OBJC_ARC = YES;
				CLANG_WARN_EMPTY_BODY = YES;
				CLANG_WARN__DUPLICATE_METHOD_MATCH = YES;
				"CODE_SIGN_IDENTITY[sdk=iphoneos*]" = "iPhone Developer";
				COPY_PHASE_STRIP = NO;
				GCC_C_LANGUAGE_STANDARD = gnu99;
				GCC_DYNAMIC_NO_PIC = NO;
				GCC_OPTIMIZATION_LEVEL = 0;
				GCC_PREPROCESSOR_DEFINITIONS = (
					"DEBUG=1",
					"$(inherited)",
				);
				GCC_SYMBOLS_PRIVATE_EXTERN = NO;
				GCC_WARN_ABOUT_RETURN_TYPE = YES;
				GCC_WARN_UNINITIALIZED_AUTOS = YES;
				GCC_WARN_UNUSED_VARIABLE = YES;
				IPHONEOS_DEPLOYMENT_TARGET = 6.0;
				ONLY_ACTIVE_ARCH = YES;
				SDKROOT = iphoneos;
				TARGETED_DEVICE_FAMILY = "1,2";
			};
			name = Debug;
		};
		0E7B35C31636772800926343 /* Release */ = {
			isa = XCBuildConfiguration;
			buildSettings = {
				ALWAYS_SEARCH_USER_PATHS = NO;
				CLANG_CXX_LANGUAGE_STANDARD = "gnu++0x";
				CLANG_CXX_LIBRARY = "libc++";
				CLANG_ENABLE_OBJC_ARC = YES;
				CLANG_WARN_EMPTY_BODY = YES;
				CLANG_WARN__DUPLICATE_METHOD_MATCH = YES;
				"CODE_SIGN_IDENTITY[sdk=iphoneos*]" = "iPhone Developer";
				COPY_PHASE_STRIP = YES;
				GCC_C_LANGUAGE_STANDARD = gnu99;
				GCC_WARN_ABOUT_RETURN_TYPE = YES;
				GCC_WARN_UNINITIALIZED_AUTOS = YES;
				GCC_WARN_UNUSED_VARIABLE = YES;
				IPHONEOS_DEPLOYMENT_TARGET = 6.0;
				OTHER_CFLAGS = "-DNS_BLOCK_ASSERTIONS=1";
				SDKROOT = iphoneos;
				TARGETED_DEVICE_FAMILY = "1,2";
				VALIDATE_PRODUCT = YES;
			};
			name = Release;
		};
		0E7B35C51636772800926343 /* Debug */ = {
			isa = XCBuildConfiguration;
			buildSettings = {
				GCC_PRECOMPILE_PREFIX_HEADER = YES;
				GCC_PREFIX_HEADER = "TestSundown/TestSundown-Prefix.pch";
				INFOPLIST_FILE = "TestSundown/TestSundown-Info.plist";
				PRODUCT_NAME = "$(TARGET_NAME)";
				WRAPPER_EXTENSION = app;
			};
			name = Debug;
		};
		0E7B35C61636772800926343 /* Release */ = {
			isa = XCBuildConfiguration;
			buildSettings = {
				GCC_PRECOMPILE_PREFIX_HEADER = YES;
				GCC_PREFIX_HEADER = "TestSundown/TestSundown-Prefix.pch";
				INFOPLIST_FILE = "TestSundown/TestSundown-Info.plist";
				PRODUCT_NAME = "$(TARGET_NAME)";
				WRAPPER_EXTENSION = app;
			};
			name = Release;
		};
/* End XCBuildConfiguration section */

/* Begin XCConfigurationList section */
		0E7B35A01636772700926343 /* Build configuration list for PBXProject "TestSundown" */ = {
			isa = XCConfigurationList;
			buildConfigurations = (
				0E7B35C21636772800926343 /* Debug */,
				0E7B35C31636772800926343 /* Release */,
			);
			defaultConfigurationIsVisible = 0;
			defaultConfigurationName = Release;
		};
		0E7B35C41636772800926343 /* Build configuration list for PBXNativeTarget "TestSundown" */ = {
			isa = XCConfigurationList;
			buildConfigurations = (
				0E7B35C51636772800926343 /* Debug */,
				0E7B35C61636772800926343 /* Release */,
			);
			defaultConfigurationIsVisible = 0;
			defaultConfigurationName = Release;
		};
/* End XCConfigurationList section */
	};
	rootObject = 0E7B359D1636772700926343 /* Project object */;
}
