// !$*UTF8*$!
{
	archiveVersion = 1;
	classes = {
	};
	objectVersion = 46;
	objects = {

/* Begin PBXBuildFile section */
		0E8E3F4E158F17BD002DA94D /* UIKit.framework in Frameworks */ = {isa = PBXBuildFile; fileRef = 0E8E3F4D158F17BD002DA94D /* UIKit.framework */; };
		0E8E3F50158F17BD002DA94D /* Foundation.framework in Frameworks */ = {isa = PBXBuildFile; fileRef = 0E8E3F4F158F17BD002DA94D /* Foundation.framework */; };
		0E8E3F52158F17BD002DA94D /* CoreGraphics.framework in Frameworks */ = {isa = PBXBuildFile; fileRef = 0E8E3F51158F17BD002DA94D /* CoreGraphics.framework */; };
		0E8E3F58158F17BD002DA94D /* InfoPlist.strings in Resources */ = {isa = PBXBuildFile; fileRef = 0E8E3F56158F17BD002DA94D /* InfoPlist.strings */; };
		0E8E3F5A158F17BD002DA94D /* main.m in Sources */ = {isa = PBXBuildFile; fileRef = 0E8E3F59158F17BD002DA94D /* main.m */; };
		0E8E3F5E158F17BD002DA94D /* AppDelegate.m in Sources */ = {isa = PBXBuildFile; fileRef = 0E8E3F5D158F17BD002DA94D /* AppDelegate.m */; };
		0E8E3F61158F17BD002DA94D /* MainStoryboard.storyboard in Resources */ = {isa = PBXBuildFile; fileRef = 0E8E3F5F158F17BD002DA94D /* MainStoryboard.storyboard */; };
		0E8E3F64158F17BD002DA94D /* ViewController.m in Sources */ = {isa = PBXBuildFile; fileRef = 0E8E3F63158F17BD002DA94D /* ViewController.m */; };
/* End PBXBuildFile section */

/* Begin PBXFileReference section */
		0E8E3F49158F17BD002DA94D /* TestGithub.app */ = {isa = PBXFileReference; explicitFileType = wrapper.application; includeInIndex = 0; path = TestGithub.app; sourceTree = BUILT_PRODUCTS_DIR; };
		0E8E3F4D158F17BD002DA94D /* UIKit.framework */ = {isa = PBXFileReference; lastKnownFileType = wrapper.framework; name = UIKit.framework; path = System/Library/Frameworks/UIKit.framework; sourceTree = SDKROOT; };
		0E8E3F4F158F17BD002DA94D /* Foundation.framework */ = {isa = PBXFileReference; lastKnownFileType = wrapper.framework; name = Foundation.framework; path = System/Library/Frameworks/Foundation.framework; sourceTree = SDKROOT; };
		0E8E3F51158F17BD002DA94D /* CoreGraphics.framework */ = {isa = PBXFileReference; lastKnownFileType = wrapper.framework; name = CoreGraphics.framework; path = System/Library/Frameworks/CoreGraphics.framework; sourceTree = SDKROOT; };
		0E8E3F55158F17BD002DA94D /* TestGithub-Info.plist */ = {isa = PBXFileReference; lastKnownFileType = text.plist.xml; path = "TestGithub-Info.plist"; sourceTree = "<group>"; };
		0E8E3F57158F17BD002DA94D /* en */ = {isa = PBXFileReference; lastKnownFileType = text.plist.strings; name = en; path = en.lproj/InfoPlist.strings; sourceTree = "<group>"; };
		0E8E3F59158F17BD002DA94D /* main.m */ = {isa = PBXFileReference; lastKnownFileType = sourcecode.c.objc; path = main.m; sourceTree = "<group>"; };
		0E8E3F5B158F17BD002DA94D /* TestGithub-Prefix.pch */ = {isa = PBXFileReference; lastKnownFileType = sourcecode.c.h; path = "TestGithub-Prefix.pch"; sourceTree = "<group>"; };
		0E8E3F5C158F17BD002DA94D /* AppDelegate.h */ = {isa = PBXFileReference; lastKnownFileType = sourcecode.c.h; path = AppDelegate.h; sourceTree = "<group>"; };
		0E8E3F5D158F17BD002DA94D /* AppDelegate.m */ = {isa = PBXFileReference; lastKnownFileType = sourcecode.c.objc; path = AppDelegate.m; sourceTree = "<group>"; };
		0E8E3F60158F17BD002DA94D /* en */ = {isa = PBXFileReference; lastKnownFileType = file.storyboard; name = en; path = en.lproj/MainStoryboard.storyboard; sourceTree = "<group>"; };
		0E8E3F62158F17BD002DA94D /* ViewController.h */ = {isa = PBXFileReference; lastKnownFileType = sourcecode.c.h; path = ViewController.h; sourceTree = "<group>"; };
		0E8E3F63158F17BD002DA94D /* ViewController.m */ = {isa = PBXFileReference; lastKnownFileType = sourcecode.c.objc; path = ViewController.m; sourceTree = "<group>"; };
/* End PBXFileReference section */

/* Begin PBXFrameworksBuildPhase section */
		0E8E3F46158F17BD002DA94D /* Frameworks */ = {
			isa = PBXFrameworksBuildPhase;
			buildActionMask = 2147483647;
			files = (
				0E8E3F4E158F17BD002DA94D /* UIKit.framework in Frameworks */,
				0E8E3F50158F17BD002DA94D /* Foundation.framework in Frameworks */,
				0E8E3F52158F17BD002DA94D /* CoreGraphics.framework in Frameworks */,
			);
			runOnlyForDeploymentPostprocessing = 0;
		};
/* End PBXFrameworksBuildPhase section */

/* Begin PBXGroup section */
		0E8E3F3E158F17BD002DA94D = {
			isa = PBXGroup;
			children = (
				0E8E3F53158F17BD002DA94D /* TestGithub */,
				0E8E3F4C158F17BD002DA94D /* Frameworks */,
				0E8E3F4A158F17BD002DA94D /* Products */,
			);
			sourceTree = "<group>";
		};
		0E8E3F4A158F17BD002DA94D /* Products */ = {
			isa = PBXGroup;
			children = (
				0E8E3F49158F17BD002DA94D /* TestGithub.app */,
			);
			name = Products;
			sourceTree = "<group>";
		};
		0E8E3F4C158F17BD002DA94D /* Frameworks */ = {
			isa = PBXGroup;
			children = (
				0E8E3F4D158F17BD002DA94D /* UIKit.framework */,
				0E8E3F4F158F17BD002DA94D /* Foundation.framework */,
				0E8E3F51158F17BD002DA94D /* CoreGraphics.framework */,
			);
			name = Frameworks;
			sourceTree = "<group>";
		};
		0E8E3F53158F17BD002DA94D /* TestGithub */ = {
			isa = PBXGroup;
			children = (
				0E8E3F5C158F17BD002DA94D /* AppDelegate.h */,
				0E8E3F5D158F17BD002DA94D /* AppDelegate.m */,
				0E8E3F5F158F17BD002DA94D /* MainStoryboard.storyboard */,
				0E8E3F62158F17BD002DA94D /* ViewController.h */,
				0E8E3F63158F17BD002DA94D /* ViewController.m */,
				0E8E3F54158F17BD002DA94D /* Supporting Files */,
			);
			path = TestGithub;
			sourceTree = "<group>";
		};
		0E8E3F54158F17BD002DA94D /* Supporting Files */ = {
			isa = PBXGroup;
			children = (
				0E8E3F55158F17BD002DA94D /* TestGithub-Info.plist */,
				0E8E3F56158F17BD002DA94D /* InfoPlist.strings */,
				0E8E3F59158F17BD002DA94D /* main.m */,
				0E8E3F5B158F17BD002DA94D /* TestGithub-Prefix.pch */,
			);
			name = "Supporting Files";
			sourceTree = "<group>";
		};
/* End PBXGroup section */

/* Begin PBXNativeTarget section */
		0E8E3F48158F17BD002DA94D /* TestGithub */ = {
			isa = PBXNativeTarget;
			buildConfigurationList = 0E8E3F67158F17BD002DA94D /* Build configuration list for PBXNativeTarget "TestGithub" */;
			buildPhases = (
				0E8E3F45158F17BD002DA94D /* Sources */,
				0E8E3F46158F17BD002DA94D /* Frameworks */,
				0E8E3F47158F17BD002DA94D /* Resources */,
			);
			buildRules = (
			);
			dependencies = (
			);
			name = TestGithub;
			productName = TestGithub;
			productReference = 0E8E3F49158F17BD002DA94D /* TestGithub.app */;
			productType = "com.apple.product-type.application";
		};
/* End PBXNativeTarget section */

/* Begin PBXProject section */
		0E8E3F40158F17BD002DA94D /* Project object */ = {
			isa = PBXProject;
			attributes = {
				LastUpgradeCheck = 0430;
			};
			buildConfigurationList = 0E8E3F43158F17BD002DA94D /* Build configuration list for PBXProject "TestGithub" */;
			compatibilityVersion = "Xcode 3.2";
			developmentRegion = English;
			hasScannedForEncodings = 0;
			knownRegions = (
				en,
			);
			mainGroup = 0E8E3F3E158F17BD002DA94D;
			productRefGroup = 0E8E3F4A158F17BD002DA94D /* Products */;
			projectDirPath = "";
			projectRoot = "";
			targets = (
				0E8E3F48158F17BD002DA94D /* TestGithub */,
			);
		};
/* End PBXProject section */

/* Begin PBXResourcesBuildPhase section */
		0E8E3F47158F17BD002DA94D /* Resources */ = {
			isa = PBXResourcesBuildPhase;
			buildActionMask = 2147483647;
			files = (
				0E8E3F58158F17BD002DA94D /* InfoPlist.strings in Resources */,
				0E8E3F61158F17BD002DA94D /* MainStoryboard.storyboard in Resources */,
			);
			runOnlyForDeploymentPostprocessing = 0;
		};
/* End PBXResourcesBuildPhase section */

/* Begin PBXSourcesBuildPhase section */
		0E8E3F45158F17BD002DA94D /* Sources */ = {
			isa = PBXSourcesBuildPhase;
			buildActionMask = 2147483647;
			files = (
				0E8E3F5A158F17BD002DA94D /* main.m in Sources */,
				0E8E3F5E158F17BD002DA94D /* AppDelegate.m in Sources */,
				0E8E3F64158F17BD002DA94D /* ViewController.m in Sources */,
			);
			runOnlyForDeploymentPostprocessing = 0;
		};
/* End PBXSourcesBuildPhase section */

/* Begin PBXVariantGroup section */
		0E8E3F56158F17BD002DA94D /* InfoPlist.strings */ = {
			isa = PBXVariantGroup;
			children = (
				0E8E3F57158F17BD002DA94D /* en */,
			);
			name = InfoPlist.strings;
			sourceTree = "<group>";
		};
		0E8E3F5F158F17BD002DA94D /* MainStoryboard.storyboard */ = {
			isa = PBXVariantGroup;
			children = (
				0E8E3F60158F17BD002DA94D /* en */,
			);
			name = MainStoryboard.storyboard;
			sourceTree = "<group>";
		};
/* End PBXVariantGroup section */

/* Begin XCBuildConfiguration section */
		0E8E3F65158F17BD002DA94D /* Debug */ = {
			isa = XCBuildConfiguration;
			buildSettings = {
				ALWAYS_SEARCH_USER_PATHS = NO;
				ARCHS = "$(ARCHS_STANDARD_32_BIT)";
				CLANG_ENABLE_OBJC_ARC = YES;
				"CODE_SIGN_IDENTITY[sdk=iphoneos*]" = "iPhone Developer";
				COPY_PHASE_STRIP = NO;
				GCC_C_LANGUAGE_STANDARD = gnu99;
				GCC_DYNAMIC_NO_PIC = NO;
				GCC_OPTIMIZATION_LEVEL = 0;
				GCC_PREPROCESSOR_DEFINITIONS = (
					"DEBUG=1",
					"$(inherited)",
				);
				GCC_SYMBOLS_PRIVATE_EXTERN = NO;
				GCC_VERSION = com.apple.compilers.llvm.clang.1_0;
				GCC_WARN_ABOUT_RETURN_TYPE = YES;
				GCC_WARN_UNINITIALIZED_AUTOS = YES;
				GCC_WARN_UNUSED_VARIABLE = YES;
				IPHONEOS_DEPLOYMENT_TARGET = 5.1;
				SDKROOT = iphoneos;
			};
			name = Debug;
		};
		0E8E3F66158F17BD002DA94D /* Release */ = {
			isa = XCBuildConfiguration;
			buildSettings = {
				ALWAYS_SEARCH_USER_PATHS = NO;
				ARCHS = "$(ARCHS_STANDARD_32_BIT)";
				CLANG_ENABLE_OBJC_ARC = YES;
				"CODE_SIGN_IDENTITY[sdk=iphoneos*]" = "iPhone Developer";
				COPY_PHASE_STRIP = YES;
				GCC_C_LANGUAGE_STANDARD = gnu99;
				GCC_VERSION = com.apple.compilers.llvm.clang.1_0;
				GCC_WARN_ABOUT_RETURN_TYPE = YES;
				GCC_WARN_UNINITIALIZED_AUTOS = YES;
				GCC_WARN_UNUSED_VARIABLE = YES;
				IPHONEOS_DEPLOYMENT_TARGET = 5.1;
				OTHER_CFLAGS = "-DNS_BLOCK_ASSERTIONS=1";
				SDKROOT = iphoneos;
				VALIDATE_PRODUCT = YES;
			};
			name = Release;
		};
		0E8E3F68158F17BD002DA94D /* Debug */ = {
			isa = XCBuildConfiguration;
			buildSettings = {
				GCC_PRECOMPILE_PREFIX_HEADER = YES;
				GCC_PREFIX_HEADER = "TestGithub/TestGithub-Prefix.pch";
				INFOPLIST_FILE = "TestGithub/TestGithub-Info.plist";
				PRODUCT_NAME = "$(TARGET_NAME)";
				WRAPPER_EXTENSION = app;
			};
			name = Debug;
		};
		0E8E3F69158F17BD002DA94D /* Release */ = {
			isa = XCBuildConfiguration;
			buildSettings = {
				GCC_PRECOMPILE_PREFIX_HEADER = YES;
				GCC_PREFIX_HEADER = "TestGithub/TestGithub-Prefix.pch";
				INFOPLIST_FILE = "TestGithub/TestGithub-Info.plist";
				PRODUCT_NAME = "$(TARGET_NAME)";
				WRAPPER_EXTENSION = app;
			};
			name = Release;
		};
/* End XCBuildConfiguration section */

/* Begin XCConfigurationList section */
		0E8E3F43158F17BD002DA94D /* Build configuration list for PBXProject "TestGithub" */ = {
			isa = XCConfigurationList;
			buildConfigurations = (
				0E8E3F65158F17BD002DA94D /* Debug */,
				0E8E3F66158F17BD002DA94D /* Release */,
			);
			defaultConfigurationIsVisible = 0;
			defaultConfigurationName = Release;
		};
		0E8E3F67158F17BD002DA94D /* Build configuration list for PBXNativeTarget "TestGithub" */ = {
			isa = XCConfigurationList;
			buildConfigurations = (
				0E8E3F68158F17BD002DA94D /* Debug */,
				0E8E3F69158F17BD002DA94D /* Release */,
			);
			defaultConfigurationIsVisible = 0;
		};
/* End XCConfigurationList section */
	};
	rootObject = 0E8E3F40158F17BD002DA94D /* Project object */;
}
