// !$*UTF8*$!
{
	archiveVersion = 1;
	classes = {
	};
	objectVersion = 46;
	objects = {

/* Begin PBXBuildFile section */
		CB8CD94F140E2F130064900B /* UIKit.framework in Frameworks */ = {isa = PBXBuildFile; fileRef = CB8CD94E140E2F130064900B /* UIKit.framework */; };
		CB8CD951140E2F130064900B /* Foundation.framework in Frameworks */ = {isa = PBXBuildFile; fileRef = CB8CD950140E2F130064900B /* Foundation.framework */; };
		CB8CD953140E2F130064900B /* CoreGraphics.framework in Frameworks */ = {isa = PBXBuildFile; fileRef = CB8CD952140E2F130064900B /* CoreGraphics.framework */; };
		CB8CD959140E2F130064900B /* InfoPlist.strings in Resources */ = {isa = PBXBuildFile; fileRef = CB8CD957140E2F130064900B /* InfoPlist.strings */; };
		CB8CD95C140E2F130064900B /* main.m in Sources */ = {isa = PBXBuildFile; fileRef = CB8CD95B140E2F130064900B /* main.m */; };
		CB8CD95F140E2F130064900B /* TestThree20AppDelegate.m in Sources */ = {isa = PBXBuildFile; fileRef = CB8CD95E140E2F130064900B /* TestThree20AppDelegate.m */; };
		CB8CD962140E2F130064900B /* MainWindow.xib in Resources */ = {isa = PBXBuildFile; fileRef = CB8CD960140E2F130064900B /* MainWindow.xib */; };
		CB8CD965140E2F130064900B /* TestThree20ViewController.m in Sources */ = {isa = PBXBuildFile; fileRef = CB8CD964140E2F130064900B /* TestThree20ViewController.m */; };
		CB8CD968140E2F130064900B /* TestThree20ViewController.xib in Resources */ = {isa = PBXBuildFile; fileRef = CB8CD966140E2F130064900B /* TestThree20ViewController.xib */; };
/* End PBXBuildFile section */

/* Begin PBXFileReference section */
		CB8CD94A140E2F130064900B /* TestThree20.app */ = {isa = PBXFileReference; explicitFileType = wrapper.application; includeInIndex = 0; path = TestThree20.app; sourceTree = BUILT_PRODUCTS_DIR; };
		CB8CD94E140E2F130064900B /* UIKit.framework */ = {isa = PBXFileReference; lastKnownFileType = wrapper.framework; name = UIKit.framework; path = System/Library/Frameworks/UIKit.framework; sourceTree = SDKROOT; };
		CB8CD950140E2F130064900B /* Foundation.framework */ = {isa = PBXFileReference; lastKnownFileType = wrapper.framework; name = Foundation.framework; path = System/Library/Frameworks/Foundation.framework; sourceTree = SDKROOT; };
		CB8CD952140E2F130064900B /* CoreGraphics.framework */ = {isa = PBXFileReference; lastKnownFileType = wrapper.framework; name = CoreGraphics.framework; path = System/Library/Frameworks/CoreGraphics.framework; sourceTree = SDKROOT; };
		CB8CD956140E2F130064900B /* TestThree20-Info.plist */ = {isa = PBXFileReference; lastKnownFileType = text.plist.xml; path = "TestThree20-Info.plist"; sourceTree = "<group>"; };
		CB8CD958140E2F130064900B /* en */ = {isa = PBXFileReference; lastKnownFileType = text.plist.strings; name = en; path = en.lproj/InfoPlist.strings; sourceTree = "<group>"; };
		CB8CD95A140E2F130064900B /* TestThree20-Prefix.pch */ = {isa = PBXFileReference; lastKnownFileType = sourcecode.c.h; path = "TestThree20-Prefix.pch"; sourceTree = "<group>"; };
		CB8CD95B140E2F130064900B /* main.m */ = {isa = PBXFileReference; lastKnownFileType = sourcecode.c.objc; path = main.m; sourceTree = "<group>"; };
		CB8CD95D140E2F130064900B /* TestThree20AppDelegate.h */ = {isa = PBXFileReference; lastKnownFileType = sourcecode.c.h; path = TestThree20AppDelegate.h; sourceTree = "<group>"; };
		CB8CD95E140E2F130064900B /* TestThree20AppDelegate.m */ = {isa = PBXFileReference; lastKnownFileType = sourcecode.c.objc; path = TestThree20AppDelegate.m; sourceTree = "<group>"; };
		CB8CD961140E2F130064900B /* en */ = {isa = PBXFileReference; lastKnownFileType = file.xib; name = en; path = en.lproj/MainWindow.xib; sourceTree = "<group>"; };
		CB8CD963140E2F130064900B /* TestThree20ViewController.h */ = {isa = PBXFileReference; lastKnownFileType = sourcecode.c.h; path = TestThree20ViewController.h; sourceTree = "<group>"; };
		CB8CD964140E2F130064900B /* TestThree20ViewController.m */ = {isa = PBXFileReference; lastKnownFileType = sourcecode.c.objc; path = TestThree20ViewController.m; sourceTree = "<group>"; };
		CB8CD967140E2F130064900B /* en */ = {isa = PBXFileReference; lastKnownFileType = file.xib; name = en; path = en.lproj/TestThree20ViewController.xib; sourceTree = "<group>"; };
/* End PBXFileReference section */

/* Begin PBXFrameworksBuildPhase section */
		CB8CD947140E2F130064900B /* Frameworks */ = {
			isa = PBXFrameworksBuildPhase;
			buildActionMask = 2147483647;
			files = (
				CB8CD94F140E2F130064900B /* UIKit.framework in Frameworks */,
				CB8CD951140E2F130064900B /* Foundation.framework in Frameworks */,
				CB8CD953140E2F130064900B /* CoreGraphics.framework in Frameworks */,
			);
			runOnlyForDeploymentPostprocessing = 0;
		};
/* End PBXFrameworksBuildPhase section */

/* Begin PBXGroup section */
		CB8CD93F140E2F130064900B = {
			isa = PBXGroup;
			children = (
				CB8CD954140E2F130064900B /* TestThree20 */,
				CB8CD94D140E2F130064900B /* Frameworks */,
				CB8CD94B140E2F130064900B /* Products */,
			);
			sourceTree = "<group>";
		};
		CB8CD94B140E2F130064900B /* Products */ = {
			isa = PBXGroup;
			children = (
				CB8CD94A140E2F130064900B /* TestThree20.app */,
			);
			name = Products;
			sourceTree = "<group>";
		};
		CB8CD94D140E2F130064900B /* Frameworks */ = {
			isa = PBXGroup;
			children = (
				CB8CD94E140E2F130064900B /* UIKit.framework */,
				CB8CD950140E2F130064900B /* Foundation.framework */,
				CB8CD952140E2F130064900B /* CoreGraphics.framework */,
			);
			name = Frameworks;
			sourceTree = "<group>";
		};
		CB8CD954140E2F130064900B /* TestThree20 */ = {
			isa = PBXGroup;
			children = (
				CB8CD95D140E2F130064900B /* TestThree20AppDelegate.h */,
				CB8CD95E140E2F130064900B /* TestThree20AppDelegate.m */,
				CB8CD960140E2F130064900B /* MainWindow.xib */,
				CB8CD963140E2F130064900B /* TestThree20ViewController.h */,
				CB8CD964140E2F130064900B /* TestThree20ViewController.m */,
				CB8CD966140E2F130064900B /* TestThree20ViewController.xib */,
				CB8CD955140E2F130064900B /* Supporting Files */,
			);
			path = TestThree20;
			sourceTree = "<group>";
		};
		CB8CD955140E2F130064900B /* Supporting Files */ = {
			isa = PBXGroup;
			children = (
				CB8CD956140E2F130064900B /* TestThree20-Info.plist */,
				CB8CD957140E2F130064900B /* InfoPlist.strings */,
				CB8CD95A140E2F130064900B /* TestThree20-Prefix.pch */,
				CB8CD95B140E2F130064900B /* main.m */,
			);
			name = "Supporting Files";
			sourceTree = "<group>";
		};
/* End PBXGroup section */

/* Begin PBXNativeTarget section */
		CB8CD949140E2F130064900B /* TestThree20 */ = {
			isa = PBXNativeTarget;
			buildConfigurationList = CB8CD96B140E2F130064900B /* Build configuration list for PBXNativeTarget "TestThree20" */;
			buildPhases = (
				CB8CD946140E2F130064900B /* Sources */,
				CB8CD947140E2F130064900B /* Frameworks */,
				CB8CD948140E2F130064900B /* Resources */,
			);
			buildRules = (
			);
			dependencies = (
			);
			name = TestThree20;
			productName = TestThree20;
			productReference = CB8CD94A140E2F130064900B /* TestThree20.app */;
			productType = "com.apple.product-type.application";
		};
/* End PBXNativeTarget section */

/* Begin PBXProject section */
		CB8CD941140E2F130064900B /* Project object */ = {
			isa = PBXProject;
			buildConfigurationList = CB8CD944140E2F130064900B /* Build configuration list for PBXProject "TestThree20" */;
			compatibilityVersion = "Xcode 3.2";
			developmentRegion = English;
			hasScannedForEncodings = 0;
			knownRegions = (
				en,
			);
			mainGroup = CB8CD93F140E2F130064900B;
			productRefGroup = CB8CD94B140E2F130064900B /* Products */;
			projectDirPath = "";
			projectRoot = "";
			targets = (
				CB8CD949140E2F130064900B /* TestThree20 */,
			);
		};
/* End PBXProject section */

/* Begin PBXResourcesBuildPhase section */
		CB8CD948140E2F130064900B /* Resources */ = {
			isa = PBXResourcesBuildPhase;
			buildActionMask = 2147483647;
			files = (
				CB8CD959140E2F130064900B /* InfoPlist.strings in Resources */,
				CB8CD962140E2F130064900B /* MainWindow.xib in Resources */,
				CB8CD968140E2F130064900B /* TestThree20ViewController.xib in Resources */,
			);
			runOnlyForDeploymentPostprocessing = 0;
		};
/* End PBXResourcesBuildPhase section */

/* Begin PBXSourcesBuildPhase section */
		CB8CD946140E2F130064900B /* Sources */ = {
			isa = PBXSourcesBuildPhase;
			buildActionMask = 2147483647;
			files = (
				CB8CD95C140E2F130064900B /* main.m in Sources */,
				CB8CD95F140E2F130064900B /* TestThree20AppDelegate.m in Sources */,
				CB8CD965140E2F130064900B /* TestThree20ViewController.m in Sources */,
			);
			runOnlyForDeploymentPostprocessing = 0;
		};
/* End PBXSourcesBuildPhase section */

/* Begin PBXVariantGroup section */
		CB8CD957140E2F130064900B /* InfoPlist.strings */ = {
			isa = PBXVariantGroup;
			children = (
				CB8CD958140E2F130064900B /* en */,
			);
			name = InfoPlist.strings;
			sourceTree = "<group>";
		};
		CB8CD960140E2F130064900B /* MainWindow.xib */ = {
			isa = PBXVariantGroup;
			children = (
				CB8CD961140E2F130064900B /* en */,
			);
			name = MainWindow.xib;
			sourceTree = "<group>";
		};
		CB8CD966140E2F130064900B /* TestThree20ViewController.xib */ = {
			isa = PBXVariantGroup;
			children = (
				CB8CD967140E2F130064900B /* en */,
			);
			name = TestThree20ViewController.xib;
			sourceTree = "<group>";
		};
/* End PBXVariantGroup section */

/* Begin XCBuildConfiguration section */
		CB8CD969140E2F130064900B /* Debug */ = {
			isa = XCBuildConfiguration;
			buildSettings = {
				ARCHS = "$(ARCHS_STANDARD_32_BIT)";
				"CODE_SIGN_IDENTITY[sdk=iphoneos*]" = "iPhone Developer";
				GCC_C_LANGUAGE_STANDARD = gnu99;
				GCC_OPTIMIZATION_LEVEL = 0;
				GCC_PREPROCESSOR_DEFINITIONS = DEBUG;
				GCC_SYMBOLS_PRIVATE_EXTERN = NO;
				GCC_VERSION = com.apple.compilers.llvmgcc42;
				GCC_WARN_ABOUT_RETURN_TYPE = YES;
				GCC_WARN_UNUSED_VARIABLE = YES;
				IPHONEOS_DEPLOYMENT_TARGET = 4.3;
				SDKROOT = iphoneos;
			};
			name = Debug;
		};
		CB8CD96A140E2F130064900B /* Release */ = {
			isa = XCBuildConfiguration;
			buildSettings = {
				ARCHS = "$(ARCHS_STANDARD_32_BIT)";
				"CODE_SIGN_IDENTITY[sdk=iphoneos*]" = "iPhone Developer";
				GCC_C_LANGUAGE_STANDARD = gnu99;
				GCC_VERSION = com.apple.compilers.llvmgcc42;
				GCC_WARN_ABOUT_RETURN_TYPE = YES;
				GCC_WARN_UNUSED_VARIABLE = YES;
				IPHONEOS_DEPLOYMENT_TARGET = 4.3;
				OTHER_CFLAGS = "-DNS_BLOCK_ASSERTIONS=1";
				SDKROOT = iphoneos;
			};
			name = Release;
		};
		CB8CD96C140E2F130064900B /* Debug */ = {
			isa = XCBuildConfiguration;
			buildSettings = {
				ALWAYS_SEARCH_USER_PATHS = NO;
				COPY_PHASE_STRIP = NO;
				GCC_DYNAMIC_NO_PIC = NO;
				GCC_PRECOMPILE_PREFIX_HEADER = YES;
				GCC_PREFIX_HEADER = "TestThree20/TestThree20-Prefix.pch";
				INFOPLIST_FILE = "TestThree20/TestThree20-Info.plist";
				PRODUCT_NAME = "$(TARGET_NAME)";
				WRAPPER_EXTENSION = app;
			};
			name = Debug;
		};
		CB8CD96D140E2F130064900B /* Release */ = {
			isa = XCBuildConfiguration;
			buildSettings = {
				ALWAYS_SEARCH_USER_PATHS = NO;
				COPY_PHASE_STRIP = YES;
				GCC_PRECOMPILE_PREFIX_HEADER = YES;
				GCC_PREFIX_HEADER = "TestThree20/TestThree20-Prefix.pch";
				INFOPLIST_FILE = "TestThree20/TestThree20-Info.plist";
				PRODUCT_NAME = "$(TARGET_NAME)";
				VALIDATE_PRODUCT = YES;
				WRAPPER_EXTENSION = app;
			};
			name = Release;
		};
/* End XCBuildConfiguration section */

/* Begin XCConfigurationList section */
		CB8CD944140E2F130064900B /* Build configuration list for PBXProject "TestThree20" */ = {
			isa = XCConfigurationList;
			buildConfigurations = (
				CB8CD969140E2F130064900B /* Debug */,
				CB8CD96A140E2F130064900B /* Release */,
			);
			defaultConfigurationIsVisible = 0;
			defaultConfigurationName = Release;
		};
		CB8CD96B140E2F130064900B /* Build configuration list for PBXNativeTarget "TestThree20" */ = {
			isa = XCConfigurationList;
			buildConfigurations = (
				CB8CD96C140E2F130064900B /* Debug */,
				CB8CD96D140E2F130064900B /* Release */,
			);
			defaultConfigurationIsVisible = 0;
		};
/* End XCConfigurationList section */
	};
	rootObject = CB8CD941140E2F130064900B /* Project object */;
}
